
Microsoft Visual Studio Solution File, Format Version 11.00
# Visual Studio 2010
Project("{2150E333-8FDC-42A3-9474-1A3956D46DE8}") = "Prices", "Prices", "{05CEC270-38F8-4C86-993D-5EE6D85D65DC}"
EndProject
Project("{2150E333-8FDC-42A3-9474-1A3956D46DE8}") = "Orders and Fills", "Orders and Fills", "{CB7A967A-D5D0-4F7F-AFA2-AE5089D4DCDD}"
EndProject
Project("{2150E333-8FDC-42A3-9474-1A3956D46DE8}") = "Miscellaneous", "Miscellaneous", "{2FF03F0C-379C-45EC-8DD3-E1D8BDBD29ED}"
EndProject
Project("{2150E333-8FDC-42A3-9474-1A3956D46DE8}") = "Console", "Console", "{A1960269-4160-4AA3-A57C-B878882BEC51}"
EndProject
Project("{2150E333-8FDC-42A3-9474-1A3956D46DE8}") = "7.2.x", "7.2.x", "{BEAF3811-6A91-4062-A913-E55AE90DF9DE}"
EndProject
Project("{2150E333-8FDC-42A3-9474-1A3956D46DE8}") = "7.17.x", "7.17.x", "{5F5D964C-F905-4BC1-8981-147FA3824A1B}"
EndProject
Project("{FAE04EC0-301F-11D3-BF4B-00C04F79EFBC}") = "01_PriceUpdateDragDrop", "TTAPI\C#\7.2.x\PriceUpdateDragDrop\01_PriceUpdateDragDrop.csproj", "{60F23AC0-1D46-4D5C-808E-A4B2F4FE7784}"
EndProject
Project("{FAE04EC0-301F-11D3-BF4B-00C04F79EFBC}") = "02_PriceUpdateManual", "TTAPI\C#\7.2.x\PriceUpdateManual\02_PriceUpdateManual.csproj", "{BB51AD83-632A-444A-856F-CB133351F475}"
EndProject
Project("{FAE04EC0-301F-11D3-BF4B-00C04F79EFBC}") = "04_PriceUpdateDepth", "TTAPI\C#\7.2.x\PriceUpdateDepth\04_PriceUpdateDepth.csproj", "{6CD79855-8965-4E7C-9FDD-D3D8B3910FD1}"
EndProject
Project("{FAE04EC0-301F-11D3-BF4B-00C04F79EFBC}") = "05_TimeAndSales", "TTAPI\C#\7.2.x\TimeAndSales\05_TimeAndSales.csproj", "{91723890-B45E-410F-8E6E-A3CB85631228}"
EndProject
Project("{FAE04EC0-301F-11D3-BF4B-00C04F79EFBC}") = "01_PriceUpdateDragDrop", "TTAPI\C#\7.17.x\PriceUpdateDragDrop\01_PriceUpdateDragDrop.csproj", "{3786B85F-5556-41B8-A724-CA91CF854772}"
EndProject
Project("{FAE04EC0-301F-11D3-BF4B-00C04F79EFBC}") = "02_PriceUpdateManual", "TTAPI\C#\7.17.x\PriceUpdateManual\02_PriceUpdateManual.csproj", "{2061A36F-3F86-4623-BFC2-0937ED7AC463}"
EndProject
Project("{FAE04EC0-301F-11D3-BF4B-00C04F79EFBC}") = "04_PriceUpdateDepth", "TTAPI\C#\7.17.x\PriceUpdateDepth\04_PriceUpdateDepth.csproj", "{FC14C5EF-772A-4787-B57B-829DA1BEA265}"
EndProject
Project("{FAE04EC0-301F-11D3-BF4B-00C04F79EFBC}") = "05_TimeAndSales", "TTAPI\C#\7.17.x\TimeAndSales\05_TimeAndSales.csproj", "{24FC0C0E-CE83-4669-BBA0-98FC46265FF9}"
EndProject
Project("{2150E333-8FDC-42A3-9474-1A3956D46DE8}") = "7.17.x", "7.17.x", "{C2BF762D-7268-4DD3-95EE-31B8ABBA3CBB}"
EndProject
Project("{2150E333-8FDC-42A3-9474-1A3956D46DE8}") = "7.2.x", "7.2.x", "{FB0759CF-10FE-477D-A9D8-4537E92C7180}"
EndProject
Project("{FAE04EC0-301F-11D3-BF4B-00C04F79EFBC}") = "06_SubmitOrder", "TTAPI\C#\7.2.x\SubmitOrder\06_SubmitOrder.csproj", "{9DDE74BD-DCE3-4EC6-AFBA-A48A4969F438}"
EndProject
Project("{FAE04EC0-301F-11D3-BF4B-00C04F79EFBC}") = "07_ModifyOrder", "TTAPI\C#\7.2.x\ModifyOrder\07_ModifyOrder.csproj", "{777E717E-5542-4EA8-A420-EA46DE59CCF7}"
EndProject
Project("{FAE04EC0-301F-11D3-BF4B-00C04F79EFBC}") = "08_OrderUpdate", "TTAPI\C#\7.2.x\OrderUpdate\08_OrderUpdate.csproj", "{91C249D2-503A-43A6-82E3-EBF031980BC5}"
EndProject
Project("{FAE04EC0-301F-11D3-BF4B-00C04F79EFBC}") = "09_FillUpdate", "TTAPI\C#\7.2.x\FillUpdate\09_FillUpdate.csproj", "{1CE709A5-C349-4671-8876-AD55A45877D6}"
EndProject
Project("{FAE04EC0-301F-11D3-BF4B-00C04F79EFBC}") = "10_OrderFilter", "TTAPI\C#\7.2.x\OrderFilter\10_OrderFilter.csproj", "{4D50E8F6-595F-40CC-BCB3-4D8BB6070928}"
EndProject
Project("{FAE04EC0-301F-11D3-BF4B-00C04F79EFBC}") = "11_ProfitLoss", "TTAPI\C#\7.2.x\ProfitLoss\11_ProfitLoss.csproj", "{D512CAAA-944D-4A90-9D7C-DEAE26896472}"
EndProject
Project("{FAE04EC0-301F-11D3-BF4B-00C04F79EFBC}") = "06_SubmitOrder", "TTAPI\C#\7.17.x\SubmitOrder\06_SubmitOrder.csproj", "{51C2D916-7238-4D6F-AE27-AB3A4669EA18}"
EndProject
Project("{FAE04EC0-301F-11D3-BF4B-00C04F79EFBC}") = "07_ModifyOrder", "TTAPI\C#\7.17.x\ModifyOrder\07_ModifyOrder.csproj", "{06FC6E0D-D6E7-4395-9D85-0E99C4707955}"
EndProject
Project("{FAE04EC0-301F-11D3-BF4B-00C04F79EFBC}") = "08_OrderUpdate", "TTAPI\C#\7.17.x\OrderUpdate\08_OrderUpdate.csproj", "{2F5B0C3F-CF92-4E5D-A580-6494D7874641}"
EndProject
Project("{FAE04EC0-301F-11D3-BF4B-00C04F79EFBC}") = "09_FillUpdate", "TTAPI\C#\7.17.x\FillUpdate\09_FillUpdate.csproj", "{00BA7E78-C807-49D0-9CB7-3E596B0FFD41}"
EndProject
Project("{FAE04EC0-301F-11D3-BF4B-00C04F79EFBC}") = "10_OrderFilter", "TTAPI\C#\7.17.x\OrderFilter\10_OrderFilter.csproj", "{AB296E6B-D0F6-4E8F-AC25-27DBD2BEA609}"
EndProject
Project("{FAE04EC0-301F-11D3-BF4B-00C04F79EFBC}") = "11_ProfitLoss", "TTAPI\C#\7.17.x\ProfitLoss\11_ProfitLoss.csproj", "{0226485F-D0D3-4BB0-8A4D-720AE52A24C5}"
EndProject
Project("{2150E333-8FDC-42A3-9474-1A3956D46DE8}") = "7.2.x", "7.2.x", "{BE10471A-31E6-44F7-9B66-1E3757C3C4C4}"
EndProject
Project("{2150E333-8FDC-42A3-9474-1A3956D46DE8}") = "7.17.x", "7.17.x", "{3BC70A81-854B-4737-92C4-A7EC7EF2A2E5}"
EndProject
Project("{2150E333-8FDC-42A3-9474-1A3956D46DE8}") = "7.17.x", "7.17.x", "{2541D3F3-7BC1-435A-826E-9F3C18D5E39C}"
EndProject
Project("{2150E333-8FDC-42A3-9474-1A3956D46DE8}") = "7.2.x", "7.2.x", "{A41AA43A-F8EE-40F7-8DC7-41DDDAC5B4B7}"
EndProject
Project("{FAE04EC0-301F-11D3-BF4B-00C04F79EFBC}") = "12_MarketExplorer", "TTAPI\C#\7.17.x\MarketExplorer\12_MarketExplorer.csproj", "{E7547979-19C1-4083-871B-1FD1C3C87377}"
EndProject
Project("{FAE04EC0-301F-11D3-BF4B-00C04F79EFBC}") = "12_MarketExplorer", "TTAPI\C#\7.2.x\MarketExplorer\12_MarketExplorer.csproj", "{46B4D66D-8482-47E5-B9AB-FCB45941624E}"
EndProject
Project("{FAE04EC0-301F-11D3-BF4B-00C04F79EFBC}") = "13_Autospreader", "TTAPI\C#\7.2.x\Autospreader\13_Autospreader.csproj", "{94622474-BB54-48B9-B1C6-37A87CD4875B}"
EndProject
Project("{FAE04EC0-301F-11D3-BF4B-00C04F79EFBC}") = "14_Console_PriceSubscription", "TTAPI\C#\7.2.x\Console_PriceSubscription\14_Console_PriceSubscription.csproj", "{99641132-F89D-4DC1-8038-8826E6FFADF1}"
EndProject
Project("{FAE04EC0-301F-11D3-BF4B-00C04F79EFBC}") = "15_Console_PriceDepthSubscription", "TTAPI\C#\7.2.x\Console_PriceDepthSubscription\15_Console_PriceDepthSubscription.csproj", "{6A76B69F-9C84-4472-9CC0-7A5A49DF9EAB}"
EndProject
Project("{FAE04EC0-301F-11D3-BF4B-00C04F79EFBC}") = "16_Console_TimeAndSales", "TTAPI\C#\7.2.x\Console_TimeAndSales\16_Console_TimeAndSales.csproj", "{8ACC1ADF-79A2-4C46-85D8-F98C8BCB4308}"
EndProject
Project("{FAE04EC0-301F-11D3-BF4B-00C04F79EFBC}") = "17_Console_OrderRouting", "TTAPI\C#\7.2.x\Console_OrderRouting\17_Console_OrderRouting.csproj", "{374B16A0-029F-45FE-B9B1-75E5FEA3CFE8}"
EndProject
Project("{FAE04EC0-301F-11D3-BF4B-00C04F79EFBC}") = "18_Console_FillSubscription", "TTAPI\C#\7.2.x\Console_FillSubscription\18_Console_FillSubscription.csproj", "{BF85A77E-210F-46C0-8BE7-D0FBBB5B79C5}"
EndProject
Project("{FAE04EC0-301F-11D3-BF4B-00C04F79EFBC}") = "19_Console_ASEOrderRouting", "TTAPI\C#\7.2.x\Console_ASEOrderRouting\19_Console_ASEOrderRouting.csproj", "{E04BD18C-E3A7-48F4-9E93-D435B84459B8}"
EndProject
Project("{FAE04EC0-301F-11D3-BF4B-00C04F79EFBC}") = "20_Console_SSEOrderRouting", "TTAPI\C#\7.2.x\Console_SSEOrderRouting\20_Console_SSEOrderRouting.csproj", "{FAB7FDAB-137F-4DC3-9032-5AC6BF88CB1B}"
EndProject
Project("{FAE04EC0-301F-11D3-BF4B-00C04F79EFBC}") = "14_Console_PriceSubscription", "TTAPI\C#\7.17.x\Console_PriceSubscription\TTAPI_Sample_PriceSubscription\14_Console_PriceSubscription.csproj", "{D6C80F82-4B96-467E-AF84-1DE81B461112}"
EndProject
Project("{FAE04EC0-301F-11D3-BF4B-00C04F79EFBC}") = "17_Console_OrderRouting", "TTAPI\C#\7.17.x\Console_OrderRouting\TTAPI_Sample_OrderRouting\17_Console_OrderRouting.csproj", "{1AD1BD67-9E0D-4DAF-9FAD-C279ACCD810C}"
EndProject
Project("{FAE04EC0-301F-11D3-BF4B-00C04F79EFBC}") = "18_Console_FillSubscription", "TTAPI\C#\7.17.x\Console_FillSubscription\TTAPI_Sample_FillSubscription\18_Console_FillSubscription.csproj", "{A73AC9A5-7D8D-47F7-9EAA-A1E60A2C5652}"
EndProject
Project("{FAE04EC0-301F-11D3-BF4B-00C04F79EFBC}") = "19_Console_ASEOrderRouting", "TTAPI\C#\7.17.x\Console_ASEOrderRouting\TTAPI_Sample_ASEOrderRouting\19_Console_ASEOrderRouting.csproj", "{D6F9BD22-0F14-47FE-83D9-0A79E51C9352}"
EndProject
Project("{FAE04EC0-301F-11D3-BF4B-00C04F79EFBC}") = "20_Console_SSEOrderRouting", "TTAPI\C#\7.17.x\Console_SSEOrderRouting\TTAPI_Sample_SSEOrderRouting\20_Console_SSEOrderRouting.csproj", "{5BAF30EB-FBE0-4C53-93E3-5E7818632984}"
EndProject
Project("{FAE04EC0-301F-11D3-BF4B-00C04F79EFBC}") = "21_Console_PriceSubscription_MT", "TTAPI\C#\7.17.x\Console_PriceSubscription_MT\TTAPI_Console_PriceSubscription_MT\21_Console_PriceSubscription_MT.csproj", "{E8CBCF8C-FEEA-46A0-B2D2-A6AE824D4BFF}"
EndProject
Project("{FAE04EC0-301F-11D3-BF4B-00C04F79EFBC}") = "21_Console_PriceSubscription_MT", "TTAPI\C#\7.2.x\Console_PriceSubscription_MT\TTAPI_Console_PriceSubscription_MT\21_Console_PriceSubscription_MT.csproj", "{99067BC0-53E8-408C-8F6F-538DFDF3FACD}"
EndProject
Global
	GlobalSection(SolutionConfigurationPlatforms) = preSolution
		Debug|Any CPU = Debug|Any CPU
		Debug|x64 = Debug|x64
		Debug|x86 = Debug|x86
		Release|Any CPU = Release|Any CPU
		Release|x64 = Release|x64
		Release|x86 = Release|x86
	EndGlobalSection
	GlobalSection(ProjectConfigurationPlatforms) = postSolution
		{60F23AC0-1D46-4D5C-808E-A4B2F4FE7784}.Debug|Any CPU.ActiveCfg = Debug|Any CPU
		{60F23AC0-1D46-4D5C-808E-A4B2F4FE7784}.Debug|Any CPU.Build.0 = Debug|Any CPU
		{60F23AC0-1D46-4D5C-808E-A4B2F4FE7784}.Debug|x64.ActiveCfg = Debug|x64
		{60F23AC0-1D46-4D5C-808E-A4B2F4FE7784}.Debug|x64.Build.0 = Debug|x64
		{60F23AC0-1D46-4D5C-808E-A4B2F4FE7784}.Debug|x86.ActiveCfg = Debug|x86
		{60F23AC0-1D46-4D5C-808E-A4B2F4FE7784}.Debug|x86.Build.0 = Debug|x86
		{60F23AC0-1D46-4D5C-808E-A4B2F4FE7784}.Release|Any CPU.ActiveCfg = Release|Any CPU
		{60F23AC0-1D46-4D5C-808E-A4B2F4FE7784}.Release|Any CPU.Build.0 = Release|Any CPU
		{60F23AC0-1D46-4D5C-808E-A4B2F4FE7784}.Release|x64.ActiveCfg = Release|x64
		{60F23AC0-1D46-4D5C-808E-A4B2F4FE7784}.Release|x64.Build.0 = Release|x64
		{60F23AC0-1D46-4D5C-808E-A4B2F4FE7784}.Release|x86.ActiveCfg = Release|x86
		{60F23AC0-1D46-4D5C-808E-A4B2F4FE7784}.Release|x86.Build.0 = Release|x86
		{BB51AD83-632A-444A-856F-CB133351F475}.Debug|Any CPU.ActiveCfg = Debug|Any CPU
		{BB51AD83-632A-444A-856F-CB133351F475}.Debug|Any CPU.Build.0 = Debug|Any CPU
		{BB51AD83-632A-444A-856F-CB133351F475}.Debug|x64.ActiveCfg = Debug|x64
		{BB51AD83-632A-444A-856F-CB133351F475}.Debug|x64.Build.0 = Debug|x64
		{BB51AD83-632A-444A-856F-CB133351F475}.Debug|x86.ActiveCfg = Debug|x86
		{BB51AD83-632A-444A-856F-CB133351F475}.Debug|x86.Build.0 = Debug|x86
		{BB51AD83-632A-444A-856F-CB133351F475}.Release|Any CPU.ActiveCfg = Release|Any CPU
		{BB51AD83-632A-444A-856F-CB133351F475}.Release|Any CPU.Build.0 = Release|Any CPU
		{BB51AD83-632A-444A-856F-CB133351F475}.Release|x64.ActiveCfg = Release|x64
		{BB51AD83-632A-444A-856F-CB133351F475}.Release|x64.Build.0 = Release|x64
		{BB51AD83-632A-444A-856F-CB133351F475}.Release|x86.ActiveCfg = Release|x86
		{BB51AD83-632A-444A-856F-CB133351F475}.Release|x86.Build.0 = Release|x86
		{6CD79855-8965-4E7C-9FDD-D3D8B3910FD1}.Debug|Any CPU.ActiveCfg = Debug|Any CPU
		{6CD79855-8965-4E7C-9FDD-D3D8B3910FD1}.Debug|Any CPU.Build.0 = Debug|Any CPU
		{6CD79855-8965-4E7C-9FDD-D3D8B3910FD1}.Debug|x64.ActiveCfg = Debug|x64
		{6CD79855-8965-4E7C-9FDD-D3D8B3910FD1}.Debug|x64.Build.0 = Debug|x64
		{6CD79855-8965-4E7C-9FDD-D3D8B3910FD1}.Debug|x86.ActiveCfg = Debug|x86
		{6CD79855-8965-4E7C-9FDD-D3D8B3910FD1}.Debug|x86.Build.0 = Debug|x86
		{6CD79855-8965-4E7C-9FDD-D3D8B3910FD1}.Release|Any CPU.ActiveCfg = Release|Any CPU
		{6CD79855-8965-4E7C-9FDD-D3D8B3910FD1}.Release|Any CPU.Build.0 = Release|Any CPU
		{6CD79855-8965-4E7C-9FDD-D3D8B3910FD1}.Release|x64.ActiveCfg = Release|x64
		{6CD79855-8965-4E7C-9FDD-D3D8B3910FD1}.Release|x64.Build.0 = Release|x64
		{6CD79855-8965-4E7C-9FDD-D3D8B3910FD1}.Release|x86.ActiveCfg = Release|x86
		{6CD79855-8965-4E7C-9FDD-D3D8B3910FD1}.Release|x86.Build.0 = Release|x86
		{91723890-B45E-410F-8E6E-A3CB85631228}.Debug|Any CPU.ActiveCfg = Debug|Any CPU
		{91723890-B45E-410F-8E6E-A3CB85631228}.Debug|Any CPU.Build.0 = Debug|Any CPU
		{91723890-B45E-410F-8E6E-A3CB85631228}.Debug|x64.ActiveCfg = Debug|x64
		{91723890-B45E-410F-8E6E-A3CB85631228}.Debug|x64.Build.0 = Debug|x64
		{91723890-B45E-410F-8E6E-A3CB85631228}.Debug|x86.ActiveCfg = Debug|x86
		{91723890-B45E-410F-8E6E-A3CB85631228}.Debug|x86.Build.0 = Debug|x86
		{91723890-B45E-410F-8E6E-A3CB85631228}.Release|Any CPU.ActiveCfg = Release|Any CPU
		{91723890-B45E-410F-8E6E-A3CB85631228}.Release|Any CPU.Build.0 = Release|Any CPU
		{91723890-B45E-410F-8E6E-A3CB85631228}.Release|x64.ActiveCfg = Release|x64
		{91723890-B45E-410F-8E6E-A3CB85631228}.Release|x64.Build.0 = Release|x64
		{91723890-B45E-410F-8E6E-A3CB85631228}.Release|x86.ActiveCfg = Release|x86
		{91723890-B45E-410F-8E6E-A3CB85631228}.Release|x86.Build.0 = Release|x86
		{3786B85F-5556-41B8-A724-CA91CF854772}.Debug|Any CPU.ActiveCfg = Debug|Any CPU
		{3786B85F-5556-41B8-A724-CA91CF854772}.Debug|Any CPU.Build.0 = Debug|Any CPU
		{3786B85F-5556-41B8-A724-CA91CF854772}.Debug|x64.ActiveCfg = Debug|x64
		{3786B85F-5556-41B8-A724-CA91CF854772}.Debug|x64.Build.0 = Debug|x64
		{3786B85F-5556-41B8-A724-CA91CF854772}.Debug|x86.ActiveCfg = Debug|x86
		{3786B85F-5556-41B8-A724-CA91CF854772}.Debug|x86.Build.0 = Debug|x86
		{3786B85F-5556-41B8-A724-CA91CF854772}.Release|Any CPU.ActiveCfg = Release|Any CPU
		{3786B85F-5556-41B8-A724-CA91CF854772}.Release|Any CPU.Build.0 = Release|Any CPU
		{3786B85F-5556-41B8-A724-CA91CF854772}.Release|x64.ActiveCfg = Release|x64
		{3786B85F-5556-41B8-A724-CA91CF854772}.Release|x64.Build.0 = Release|x64
		{3786B85F-5556-41B8-A724-CA91CF854772}.Release|x86.ActiveCfg = Release|x86
		{3786B85F-5556-41B8-A724-CA91CF854772}.Release|x86.Build.0 = Release|x86
		{2061A36F-3F86-4623-BFC2-0937ED7AC463}.Debug|Any CPU.ActiveCfg = Debug|Any CPU
		{2061A36F-3F86-4623-BFC2-0937ED7AC463}.Debug|Any CPU.Build.0 = Debug|Any CPU
		{2061A36F-3F86-4623-BFC2-0937ED7AC463}.Debug|x64.ActiveCfg = Debug|x64
		{2061A36F-3F86-4623-BFC2-0937ED7AC463}.Debug|x64.Build.0 = Debug|x64
		{2061A36F-3F86-4623-BFC2-0937ED7AC463}.Debug|x86.ActiveCfg = Debug|x86
		{2061A36F-3F86-4623-BFC2-0937ED7AC463}.Debug|x86.Build.0 = Debug|x86
		{2061A36F-3F86-4623-BFC2-0937ED7AC463}.Release|Any CPU.ActiveCfg = Release|Any CPU
		{2061A36F-3F86-4623-BFC2-0937ED7AC463}.Release|Any CPU.Build.0 = Release|Any CPU
		{2061A36F-3F86-4623-BFC2-0937ED7AC463}.Release|x64.ActiveCfg = Release|x64
		{2061A36F-3F86-4623-BFC2-0937ED7AC463}.Release|x64.Build.0 = Release|x64
		{2061A36F-3F86-4623-BFC2-0937ED7AC463}.Release|x86.ActiveCfg = Release|x86
		{2061A36F-3F86-4623-BFC2-0937ED7AC463}.Release|x86.Build.0 = Release|x86
		{FC14C5EF-772A-4787-B57B-829DA1BEA265}.Debug|Any CPU.ActiveCfg = Debug|Any CPU
		{FC14C5EF-772A-4787-B57B-829DA1BEA265}.Debug|Any CPU.Build.0 = Debug|Any CPU
		{FC14C5EF-772A-4787-B57B-829DA1BEA265}.Debug|x64.ActiveCfg = Debug|x64
		{FC14C5EF-772A-4787-B57B-829DA1BEA265}.Debug|x64.Build.0 = Debug|x64
		{FC14C5EF-772A-4787-B57B-829DA1BEA265}.Debug|x86.ActiveCfg = Debug|x86
		{FC14C5EF-772A-4787-B57B-829DA1BEA265}.Debug|x86.Build.0 = Debug|x86
		{FC14C5EF-772A-4787-B57B-829DA1BEA265}.Release|Any CPU.ActiveCfg = Release|Any CPU
		{FC14C5EF-772A-4787-B57B-829DA1BEA265}.Release|Any CPU.Build.0 = Release|Any CPU
		{FC14C5EF-772A-4787-B57B-829DA1BEA265}.Release|x64.ActiveCfg = Release|x64
		{FC14C5EF-772A-4787-B57B-829DA1BEA265}.Release|x64.Build.0 = Release|x64
		{FC14C5EF-772A-4787-B57B-829DA1BEA265}.Release|x86.ActiveCfg = Release|x86
		{FC14C5EF-772A-4787-B57B-829DA1BEA265}.Release|x86.Build.0 = Release|x86
		{24FC0C0E-CE83-4669-BBA0-98FC46265FF9}.Debug|Any CPU.ActiveCfg = Debug|Any CPU
		{24FC0C0E-CE83-4669-BBA0-98FC46265FF9}.Debug|Any CPU.Build.0 = Debug|Any CPU
		{24FC0C0E-CE83-4669-BBA0-98FC46265FF9}.Debug|x64.ActiveCfg = Debug|x64
		{24FC0C0E-CE83-4669-BBA0-98FC46265FF9}.Debug|x64.Build.0 = Debug|x64
		{24FC0C0E-CE83-4669-BBA0-98FC46265FF9}.Debug|x86.ActiveCfg = Debug|x86
		{24FC0C0E-CE83-4669-BBA0-98FC46265FF9}.Debug|x86.Build.0 = Debug|x86
		{24FC0C0E-CE83-4669-BBA0-98FC46265FF9}.Release|Any CPU.ActiveCfg = Release|Any CPU
		{24FC0C0E-CE83-4669-BBA0-98FC46265FF9}.Release|Any CPU.Build.0 = Release|Any CPU
		{24FC0C0E-CE83-4669-BBA0-98FC46265FF9}.Release|x64.ActiveCfg = Release|x64
		{24FC0C0E-CE83-4669-BBA0-98FC46265FF9}.Release|x64.Build.0 = Release|x64
		{24FC0C0E-CE83-4669-BBA0-98FC46265FF9}.Release|x86.ActiveCfg = Release|x86
		{24FC0C0E-CE83-4669-BBA0-98FC46265FF9}.Release|x86.Build.0 = Release|x86
		{9DDE74BD-DCE3-4EC6-AFBA-A48A4969F438}.Debug|Any CPU.ActiveCfg = Debug|Any CPU
		{9DDE74BD-DCE3-4EC6-AFBA-A48A4969F438}.Debug|Any CPU.Build.0 = Debug|Any CPU
		{9DDE74BD-DCE3-4EC6-AFBA-A48A4969F438}.Debug|x64.ActiveCfg = Debug|x64
		{9DDE74BD-DCE3-4EC6-AFBA-A48A4969F438}.Debug|x64.Build.0 = Debug|x64
		{9DDE74BD-DCE3-4EC6-AFBA-A48A4969F438}.Debug|x86.ActiveCfg = Debug|x86
		{9DDE74BD-DCE3-4EC6-AFBA-A48A4969F438}.Debug|x86.Build.0 = Debug|x86
		{9DDE74BD-DCE3-4EC6-AFBA-A48A4969F438}.Release|Any CPU.ActiveCfg = Release|Any CPU
		{9DDE74BD-DCE3-4EC6-AFBA-A48A4969F438}.Release|Any CPU.Build.0 = Release|Any CPU
		{9DDE74BD-DCE3-4EC6-AFBA-A48A4969F438}.Release|x64.ActiveCfg = Release|x64
		{9DDE74BD-DCE3-4EC6-AFBA-A48A4969F438}.Release|x64.Build.0 = Release|x64
		{9DDE74BD-DCE3-4EC6-AFBA-A48A4969F438}.Release|x86.ActiveCfg = Release|x86
		{9DDE74BD-DCE3-4EC6-AFBA-A48A4969F438}.Release|x86.Build.0 = Release|x86
		{777E717E-5542-4EA8-A420-EA46DE59CCF7}.Debug|Any CPU.ActiveCfg = Debug|Any CPU
		{777E717E-5542-4EA8-A420-EA46DE59CCF7}.Debug|Any CPU.Build.0 = Debug|Any CPU
		{777E717E-5542-4EA8-A420-EA46DE59CCF7}.Debug|x64.ActiveCfg = Debug|x64
		{777E717E-5542-4EA8-A420-EA46DE59CCF7}.Debug|x64.Build.0 = Debug|x64
		{777E717E-5542-4EA8-A420-EA46DE59CCF7}.Debug|x86.ActiveCfg = Debug|x86
		{777E717E-5542-4EA8-A420-EA46DE59CCF7}.Debug|x86.Build.0 = Debug|x86
		{777E717E-5542-4EA8-A420-EA46DE59CCF7}.Release|Any CPU.ActiveCfg = Release|Any CPU
		{777E717E-5542-4EA8-A420-EA46DE59CCF7}.Release|Any CPU.Build.0 = Release|Any CPU
		{777E717E-5542-4EA8-A420-EA46DE59CCF7}.Release|x64.ActiveCfg = Release|x64
		{777E717E-5542-4EA8-A420-EA46DE59CCF7}.Release|x64.Build.0 = Release|x64
		{777E717E-5542-4EA8-A420-EA46DE59CCF7}.Release|x86.ActiveCfg = Release|x86
		{777E717E-5542-4EA8-A420-EA46DE59CCF7}.Release|x86.Build.0 = Release|x86
		{91C249D2-503A-43A6-82E3-EBF031980BC5}.Debug|Any CPU.ActiveCfg = Debug|Any CPU
		{91C249D2-503A-43A6-82E3-EBF031980BC5}.Debug|Any CPU.Build.0 = Debug|Any CPU
		{91C249D2-503A-43A6-82E3-EBF031980BC5}.Debug|x64.ActiveCfg = Debug|x64
		{91C249D2-503A-43A6-82E3-EBF031980BC5}.Debug|x64.Build.0 = Debug|x64
		{91C249D2-503A-43A6-82E3-EBF031980BC5}.Debug|x86.ActiveCfg = Debug|x86
		{91C249D2-503A-43A6-82E3-EBF031980BC5}.Debug|x86.Build.0 = Debug|x86
		{91C249D2-503A-43A6-82E3-EBF031980BC5}.Release|Any CPU.ActiveCfg = Release|Any CPU
		{91C249D2-503A-43A6-82E3-EBF031980BC5}.Release|Any CPU.Build.0 = Release|Any CPU
		{91C249D2-503A-43A6-82E3-EBF031980BC5}.Release|x64.ActiveCfg = Release|x64
		{91C249D2-503A-43A6-82E3-EBF031980BC5}.Release|x64.Build.0 = Release|x64
		{91C249D2-503A-43A6-82E3-EBF031980BC5}.Release|x86.ActiveCfg = Release|x86
		{91C249D2-503A-43A6-82E3-EBF031980BC5}.Release|x86.Build.0 = Release|x86
		{1CE709A5-C349-4671-8876-AD55A45877D6}.Debug|Any CPU.ActiveCfg = Debug|Any CPU
		{1CE709A5-C349-4671-8876-AD55A45877D6}.Debug|Any CPU.Build.0 = Debug|Any CPU
		{1CE709A5-C349-4671-8876-AD55A45877D6}.Debug|x64.ActiveCfg = Debug|x64
		{1CE709A5-C349-4671-8876-AD55A45877D6}.Debug|x64.Build.0 = Debug|x64
		{1CE709A5-C349-4671-8876-AD55A45877D6}.Debug|x86.ActiveCfg = Debug|x86
		{1CE709A5-C349-4671-8876-AD55A45877D6}.Debug|x86.Build.0 = Debug|x86
		{1CE709A5-C349-4671-8876-AD55A45877D6}.Release|Any CPU.ActiveCfg = Release|Any CPU
		{1CE709A5-C349-4671-8876-AD55A45877D6}.Release|Any CPU.Build.0 = Release|Any CPU
		{1CE709A5-C349-4671-8876-AD55A45877D6}.Release|x64.ActiveCfg = Release|x64
		{1CE709A5-C349-4671-8876-AD55A45877D6}.Release|x64.Build.0 = Release|x64
		{1CE709A5-C349-4671-8876-AD55A45877D6}.Release|x86.ActiveCfg = Release|x86
		{1CE709A5-C349-4671-8876-AD55A45877D6}.Release|x86.Build.0 = Release|x86
		{4D50E8F6-595F-40CC-BCB3-4D8BB6070928}.Debug|Any CPU.ActiveCfg = Debug|Any CPU
		{4D50E8F6-595F-40CC-BCB3-4D8BB6070928}.Debug|Any CPU.Build.0 = Debug|Any CPU
		{4D50E8F6-595F-40CC-BCB3-4D8BB6070928}.Debug|x64.ActiveCfg = Debug|x64
		{4D50E8F6-595F-40CC-BCB3-4D8BB6070928}.Debug|x64.Build.0 = Debug|x64
		{4D50E8F6-595F-40CC-BCB3-4D8BB6070928}.Debug|x86.ActiveCfg = Debug|x86
		{4D50E8F6-595F-40CC-BCB3-4D8BB6070928}.Debug|x86.Build.0 = Debug|x86
		{4D50E8F6-595F-40CC-BCB3-4D8BB6070928}.Release|Any CPU.ActiveCfg = Release|Any CPU
		{4D50E8F6-595F-40CC-BCB3-4D8BB6070928}.Release|Any CPU.Build.0 = Release|Any CPU
		{4D50E8F6-595F-40CC-BCB3-4D8BB6070928}.Release|x64.ActiveCfg = Release|x64
		{4D50E8F6-595F-40CC-BCB3-4D8BB6070928}.Release|x64.Build.0 = Release|x64
		{4D50E8F6-595F-40CC-BCB3-4D8BB6070928}.Release|x86.ActiveCfg = Release|x86
		{4D50E8F6-595F-40CC-BCB3-4D8BB6070928}.Release|x86.Build.0 = Release|x86
		{D512CAAA-944D-4A90-9D7C-DEAE26896472}.Debug|Any CPU.ActiveCfg = Debug|Any CPU
		{D512CAAA-944D-4A90-9D7C-DEAE26896472}.Debug|Any CPU.Build.0 = Debug|Any CPU
		{D512CAAA-944D-4A90-9D7C-DEAE26896472}.Debug|x64.ActiveCfg = Debug|x64
		{D512CAAA-944D-4A90-9D7C-DEAE26896472}.Debug|x64.Build.0 = Debug|x64
		{D512CAAA-944D-4A90-9D7C-DEAE26896472}.Debug|x86.ActiveCfg = Debug|x86
		{D512CAAA-944D-4A90-9D7C-DEAE26896472}.Debug|x86.Build.0 = Debug|x86
		{D512CAAA-944D-4A90-9D7C-DEAE26896472}.Release|Any CPU.ActiveCfg = Release|Any CPU
		{D512CAAA-944D-4A90-9D7C-DEAE26896472}.Release|Any CPU.Build.0 = Release|Any CPU
		{D512CAAA-944D-4A90-9D7C-DEAE26896472}.Release|x64.ActiveCfg = Release|x64
		{D512CAAA-944D-4A90-9D7C-DEAE26896472}.Release|x64.Build.0 = Release|x64
		{D512CAAA-944D-4A90-9D7C-DEAE26896472}.Release|x86.ActiveCfg = Release|x86
		{D512CAAA-944D-4A90-9D7C-DEAE26896472}.Release|x86.Build.0 = Release|x86
		{51C2D916-7238-4D6F-AE27-AB3A4669EA18}.Debug|Any CPU.ActiveCfg = Debug|Any CPU
		{51C2D916-7238-4D6F-AE27-AB3A4669EA18}.Debug|Any CPU.Build.0 = Debug|Any CPU
		{51C2D916-7238-4D6F-AE27-AB3A4669EA18}.Debug|x64.ActiveCfg = Debug|x64
		{51C2D916-7238-4D6F-AE27-AB3A4669EA18}.Debug|x64.Build.0 = Debug|x64
		{51C2D916-7238-4D6F-AE27-AB3A4669EA18}.Debug|x86.ActiveCfg = Debug|x86
		{51C2D916-7238-4D6F-AE27-AB3A4669EA18}.Debug|x86.Build.0 = Debug|x86
		{51C2D916-7238-4D6F-AE27-AB3A4669EA18}.Release|Any CPU.ActiveCfg = Release|Any CPU
		{51C2D916-7238-4D6F-AE27-AB3A4669EA18}.Release|Any CPU.Build.0 = Release|Any CPU
		{51C2D916-7238-4D6F-AE27-AB3A4669EA18}.Release|x64.ActiveCfg = Release|x64
		{51C2D916-7238-4D6F-AE27-AB3A4669EA18}.Release|x64.Build.0 = Release|x64
		{51C2D916-7238-4D6F-AE27-AB3A4669EA18}.Release|x86.ActiveCfg = Release|x86
		{51C2D916-7238-4D6F-AE27-AB3A4669EA18}.Release|x86.Build.0 = Release|x86
		{06FC6E0D-D6E7-4395-9D85-0E99C4707955}.Debug|Any CPU.ActiveCfg = Debug|Any CPU
		{06FC6E0D-D6E7-4395-9D85-0E99C4707955}.Debug|Any CPU.Build.0 = Debug|Any CPU
		{06FC6E0D-D6E7-4395-9D85-0E99C4707955}.Debug|x64.ActiveCfg = Debug|x64
		{06FC6E0D-D6E7-4395-9D85-0E99C4707955}.Debug|x64.Build.0 = Debug|x64
		{06FC6E0D-D6E7-4395-9D85-0E99C4707955}.Debug|x86.ActiveCfg = Debug|x86
		{06FC6E0D-D6E7-4395-9D85-0E99C4707955}.Debug|x86.Build.0 = Debug|x86
		{06FC6E0D-D6E7-4395-9D85-0E99C4707955}.Release|Any CPU.ActiveCfg = Release|Any CPU
		{06FC6E0D-D6E7-4395-9D85-0E99C4707955}.Release|Any CPU.Build.0 = Release|Any CPU
		{06FC6E0D-D6E7-4395-9D85-0E99C4707955}.Release|x64.ActiveCfg = Release|x64
		{06FC6E0D-D6E7-4395-9D85-0E99C4707955}.Release|x64.Build.0 = Release|x64
		{06FC6E0D-D6E7-4395-9D85-0E99C4707955}.Release|x86.ActiveCfg = Release|x86
		{06FC6E0D-D6E7-4395-9D85-0E99C4707955}.Release|x86.Build.0 = Release|x86
		{2F5B0C3F-CF92-4E5D-A580-6494D7874641}.Debug|Any CPU.ActiveCfg = Debug|Any CPU
		{2F5B0C3F-CF92-4E5D-A580-6494D7874641}.Debug|Any CPU.Build.0 = Debug|Any CPU
		{2F5B0C3F-CF92-4E5D-A580-6494D7874641}.Debug|x64.ActiveCfg = Debug|x64
		{2F5B0C3F-CF92-4E5D-A580-6494D7874641}.Debug|x64.Build.0 = Debug|x64
		{2F5B0C3F-CF92-4E5D-A580-6494D7874641}.Debug|x86.ActiveCfg = Debug|x86
		{2F5B0C3F-CF92-4E5D-A580-6494D7874641}.Debug|x86.Build.0 = Debug|x86
		{2F5B0C3F-CF92-4E5D-A580-6494D7874641}.Release|Any CPU.ActiveCfg = Release|Any CPU
		{2F5B0C3F-CF92-4E5D-A580-6494D7874641}.Release|Any CPU.Build.0 = Release|Any CPU
		{2F5B0C3F-CF92-4E5D-A580-6494D7874641}.Release|x64.ActiveCfg = Release|x64
		{2F5B0C3F-CF92-4E5D-A580-6494D7874641}.Release|x64.Build.0 = Release|x64
		{2F5B0C3F-CF92-4E5D-A580-6494D7874641}.Release|x86.ActiveCfg = Release|x86
		{2F5B0C3F-CF92-4E5D-A580-6494D7874641}.Release|x86.Build.0 = Release|x86
		{00BA7E78-C807-49D0-9CB7-3E596B0FFD41}.Debug|Any CPU.ActiveCfg = Debug|Any CPU
		{00BA7E78-C807-49D0-9CB7-3E596B0FFD41}.Debug|Any CPU.Build.0 = Debug|Any CPU
		{00BA7E78-C807-49D0-9CB7-3E596B0FFD41}.Debug|x64.ActiveCfg = Debug|x64
		{00BA7E78-C807-49D0-9CB7-3E596B0FFD41}.Debug|x64.Build.0 = Debug|x64
		{00BA7E78-C807-49D0-9CB7-3E596B0FFD41}.Debug|x86.ActiveCfg = Debug|x86
		{00BA7E78-C807-49D0-9CB7-3E596B0FFD41}.Debug|x86.Build.0 = Debug|x86
		{00BA7E78-C807-49D0-9CB7-3E596B0FFD41}.Release|Any CPU.ActiveCfg = Release|Any CPU
		{00BA7E78-C807-49D0-9CB7-3E596B0FFD41}.Release|Any CPU.Build.0 = Release|Any CPU
		{00BA7E78-C807-49D0-9CB7-3E596B0FFD41}.Release|x64.ActiveCfg = Release|x64
		{00BA7E78-C807-49D0-9CB7-3E596B0FFD41}.Release|x64.Build.0 = Release|x64
		{00BA7E78-C807-49D0-9CB7-3E596B0FFD41}.Release|x86.ActiveCfg = Release|x86
		{00BA7E78-C807-49D0-9CB7-3E596B0FFD41}.Release|x86.Build.0 = Release|x86
		{AB296E6B-D0F6-4E8F-AC25-27DBD2BEA609}.Debug|Any CPU.ActiveCfg = Debug|Any CPU
		{AB296E6B-D0F6-4E8F-AC25-27DBD2BEA609}.Debug|Any CPU.Build.0 = Debug|Any CPU
		{AB296E6B-D0F6-4E8F-AC25-27DBD2BEA609}.Debug|x64.ActiveCfg = Debug|x64
		{AB296E6B-D0F6-4E8F-AC25-27DBD2BEA609}.Debug|x64.Build.0 = Debug|x64
		{AB296E6B-D0F6-4E8F-AC25-27DBD2BEA609}.Debug|x86.ActiveCfg = Debug|x86
		{AB296E6B-D0F6-4E8F-AC25-27DBD2BEA609}.Debug|x86.Build.0 = Debug|x86
		{AB296E6B-D0F6-4E8F-AC25-27DBD2BEA609}.Release|Any CPU.ActiveCfg = Release|Any CPU
		{AB296E6B-D0F6-4E8F-AC25-27DBD2BEA609}.Release|Any CPU.Build.0 = Release|Any CPU
		{AB296E6B-D0F6-4E8F-AC25-27DBD2BEA609}.Release|x64.ActiveCfg = Release|x64
		{AB296E6B-D0F6-4E8F-AC25-27DBD2BEA609}.Release|x64.Build.0 = Release|x64
		{AB296E6B-D0F6-4E8F-AC25-27DBD2BEA609}.Release|x86.ActiveCfg = Release|x86
		{AB296E6B-D0F6-4E8F-AC25-27DBD2BEA609}.Release|x86.Build.0 = Release|x86
		{0226485F-D0D3-4BB0-8A4D-720AE52A24C5}.Debug|Any CPU.ActiveCfg = Debug|Any CPU
		{0226485F-D0D3-4BB0-8A4D-720AE52A24C5}.Debug|Any CPU.Build.0 = Debug|Any CPU
		{0226485F-D0D3-4BB0-8A4D-720AE52A24C5}.Debug|x64.ActiveCfg = Debug|x64
		{0226485F-D0D3-4BB0-8A4D-720AE52A24C5}.Debug|x64.Build.0 = Debug|x64
		{0226485F-D0D3-4BB0-8A4D-720AE52A24C5}.Debug|x86.ActiveCfg = Debug|x86
		{0226485F-D0D3-4BB0-8A4D-720AE52A24C5}.Debug|x86.Build.0 = Debug|x86
		{0226485F-D0D3-4BB0-8A4D-720AE52A24C5}.Release|Any CPU.ActiveCfg = Release|Any CPU
		{0226485F-D0D3-4BB0-8A4D-720AE52A24C5}.Release|Any CPU.Build.0 = Release|Any CPU
		{0226485F-D0D3-4BB0-8A4D-720AE52A24C5}.Release|x64.ActiveCfg = Release|x64
		{0226485F-D0D3-4BB0-8A4D-720AE52A24C5}.Release|x64.Build.0 = Release|x64
		{0226485F-D0D3-4BB0-8A4D-720AE52A24C5}.Release|x86.ActiveCfg = Release|x86
		{0226485F-D0D3-4BB0-8A4D-720AE52A24C5}.Release|x86.Build.0 = Release|x86
		{E7547979-19C1-4083-871B-1FD1C3C87377}.Debug|Any CPU.ActiveCfg = Debug|Any CPU
		{E7547979-19C1-4083-871B-1FD1C3C87377}.Debug|Any CPU.Build.0 = Debug|Any CPU
		{E7547979-19C1-4083-871B-1FD1C3C87377}.Debug|x64.ActiveCfg = Debug|x64
		{E7547979-19C1-4083-871B-1FD1C3C87377}.Debug|x64.Build.0 = Debug|x64
		{E7547979-19C1-4083-871B-1FD1C3C87377}.Debug|x86.ActiveCfg = Debug|x86
		{E7547979-19C1-4083-871B-1FD1C3C87377}.Debug|x86.Build.0 = Debug|x86
		{E7547979-19C1-4083-871B-1FD1C3C87377}.Release|Any CPU.ActiveCfg = Release|Any CPU
		{E7547979-19C1-4083-871B-1FD1C3C87377}.Release|Any CPU.Build.0 = Release|Any CPU
		{E7547979-19C1-4083-871B-1FD1C3C87377}.Release|x64.ActiveCfg = Release|x64
		{E7547979-19C1-4083-871B-1FD1C3C87377}.Release|x64.Build.0 = Release|x64
		{E7547979-19C1-4083-871B-1FD1C3C87377}.Release|x86.ActiveCfg = Release|x86
		{E7547979-19C1-4083-871B-1FD1C3C87377}.Release|x86.Build.0 = Release|x86
		{46B4D66D-8482-47E5-B9AB-FCB45941624E}.Debug|Any CPU.ActiveCfg = Debug|Any CPU
		{46B4D66D-8482-47E5-B9AB-FCB45941624E}.Debug|Any CPU.Build.0 = Debug|Any CPU
		{46B4D66D-8482-47E5-B9AB-FCB45941624E}.Debug|x64.ActiveCfg = Debug|x64
		{46B4D66D-8482-47E5-B9AB-FCB45941624E}.Debug|x64.Build.0 = Debug|x64
		{46B4D66D-8482-47E5-B9AB-FCB45941624E}.Debug|x86.ActiveCfg = Debug|x86
		{46B4D66D-8482-47E5-B9AB-FCB45941624E}.Debug|x86.Build.0 = Debug|x86
		{46B4D66D-8482-47E5-B9AB-FCB45941624E}.Release|Any CPU.ActiveCfg = Release|Any CPU
		{46B4D66D-8482-47E5-B9AB-FCB45941624E}.Release|Any CPU.Build.0 = Release|Any CPU
		{46B4D66D-8482-47E5-B9AB-FCB45941624E}.Release|x64.ActiveCfg = Release|x64
		{46B4D66D-8482-47E5-B9AB-FCB45941624E}.Release|x64.Build.0 = Release|x64
		{46B4D66D-8482-47E5-B9AB-FCB45941624E}.Release|x86.ActiveCfg = Release|x86
		{46B4D66D-8482-47E5-B9AB-FCB45941624E}.Release|x86.Build.0 = Release|x86
		{94622474-BB54-48B9-B1C6-37A87CD4875B}.Debug|Any CPU.ActiveCfg = Debug|Any CPU
		{94622474-BB54-48B9-B1C6-37A87CD4875B}.Debug|Any CPU.Build.0 = Debug|Any CPU
		{94622474-BB54-48B9-B1C6-37A87CD4875B}.Debug|x64.ActiveCfg = Debug|x64
		{94622474-BB54-48B9-B1C6-37A87CD4875B}.Debug|x64.Build.0 = Debug|x64
		{94622474-BB54-48B9-B1C6-37A87CD4875B}.Debug|x86.ActiveCfg = Debug|x86
		{94622474-BB54-48B9-B1C6-37A87CD4875B}.Debug|x86.Build.0 = Debug|x86
		{94622474-BB54-48B9-B1C6-37A87CD4875B}.Release|Any CPU.ActiveCfg = Release|Any CPU
		{94622474-BB54-48B9-B1C6-37A87CD4875B}.Release|Any CPU.Build.0 = Release|Any CPU
		{94622474-BB54-48B9-B1C6-37A87CD4875B}.Release|x64.ActiveCfg = Release|x64
		{94622474-BB54-48B9-B1C6-37A87CD4875B}.Release|x64.Build.0 = Release|x64
		{94622474-BB54-48B9-B1C6-37A87CD4875B}.Release|x86.ActiveCfg = Release|x86
		{94622474-BB54-48B9-B1C6-37A87CD4875B}.Release|x86.Build.0 = Release|x86
		{99641132-F89D-4DC1-8038-8826E6FFADF1}.Debug|Any CPU.ActiveCfg = Debug|x64
		{99641132-F89D-4DC1-8038-8826E6FFADF1}.Debug|x64.ActiveCfg = Debug|x64
		{99641132-F89D-4DC1-8038-8826E6FFADF1}.Debug|x64.Build.0 = Debug|x64
		{99641132-F89D-4DC1-8038-8826E6FFADF1}.Debug|x86.ActiveCfg = Debug|x86
		{99641132-F89D-4DC1-8038-8826E6FFADF1}.Debug|x86.Build.0 = Debug|x86
		{99641132-F89D-4DC1-8038-8826E6FFADF1}.Release|Any CPU.ActiveCfg = Release|x64
		{99641132-F89D-4DC1-8038-8826E6FFADF1}.Release|x64.ActiveCfg = Release|x64
		{99641132-F89D-4DC1-8038-8826E6FFADF1}.Release|x64.Build.0 = Release|x64
		{99641132-F89D-4DC1-8038-8826E6FFADF1}.Release|x86.ActiveCfg = Release|x86
		{99641132-F89D-4DC1-8038-8826E6FFADF1}.Release|x86.Build.0 = Release|x86
		{6A76B69F-9C84-4472-9CC0-7A5A49DF9EAB}.Debug|Any CPU.ActiveCfg = Debug|x64
		{6A76B69F-9C84-4472-9CC0-7A5A49DF9EAB}.Debug|x64.ActiveCfg = Debug|x64
		{6A76B69F-9C84-4472-9CC0-7A5A49DF9EAB}.Debug|x64.Build.0 = Debug|x64
		{6A76B69F-9C84-4472-9CC0-7A5A49DF9EAB}.Debug|x86.ActiveCfg = Debug|x86
		{6A76B69F-9C84-4472-9CC0-7A5A49DF9EAB}.Debug|x86.Build.0 = Debug|x86
		{6A76B69F-9C84-4472-9CC0-7A5A49DF9EAB}.Release|Any CPU.ActiveCfg = Release|x64
		{6A76B69F-9C84-4472-9CC0-7A5A49DF9EAB}.Release|x64.ActiveCfg = Release|x64
		{6A76B69F-9C84-4472-9CC0-7A5A49DF9EAB}.Release|x64.Build.0 = Release|x64
		{6A76B69F-9C84-4472-9CC0-7A5A49DF9EAB}.Release|x86.ActiveCfg = Release|x86
		{6A76B69F-9C84-4472-9CC0-7A5A49DF9EAB}.Release|x86.Build.0 = Release|x86
		{8ACC1ADF-79A2-4C46-85D8-F98C8BCB4308}.Debug|Any CPU.ActiveCfg = Debug|x64
		{8ACC1ADF-79A2-4C46-85D8-F98C8BCB4308}.Debug|x64.ActiveCfg = Debug|x64
		{8ACC1ADF-79A2-4C46-85D8-F98C8BCB4308}.Debug|x64.Build.0 = Debug|x64
		{8ACC1ADF-79A2-4C46-85D8-F98C8BCB4308}.Debug|x86.ActiveCfg = Debug|x86
		{8ACC1ADF-79A2-4C46-85D8-F98C8BCB4308}.Debug|x86.Build.0 = Debug|x86
		{8ACC1ADF-79A2-4C46-85D8-F98C8BCB4308}.Release|Any CPU.ActiveCfg = Release|x64
		{8ACC1ADF-79A2-4C46-85D8-F98C8BCB4308}.Release|x64.ActiveCfg = Release|x64
		{8ACC1ADF-79A2-4C46-85D8-F98C8BCB4308}.Release|x64.Build.0 = Release|x64
		{8ACC1ADF-79A2-4C46-85D8-F98C8BCB4308}.Release|x86.ActiveCfg = Release|x86
		{8ACC1ADF-79A2-4C46-85D8-F98C8BCB4308}.Release|x86.Build.0 = Release|x86
		{374B16A0-029F-45FE-B9B1-75E5FEA3CFE8}.Debug|Any CPU.ActiveCfg = Debug|x64
		{374B16A0-029F-45FE-B9B1-75E5FEA3CFE8}.Debug|x64.ActiveCfg = Debug|x64
		{374B16A0-029F-45FE-B9B1-75E5FEA3CFE8}.Debug|x64.Build.0 = Debug|x64
		{374B16A0-029F-45FE-B9B1-75E5FEA3CFE8}.Debug|x86.ActiveCfg = Debug|x86
		{374B16A0-029F-45FE-B9B1-75E5FEA3CFE8}.Debug|x86.Build.0 = Debug|x86
		{374B16A0-029F-45FE-B9B1-75E5FEA3CFE8}.Release|Any CPU.ActiveCfg = Release|x64
		{374B16A0-029F-45FE-B9B1-75E5FEA3CFE8}.Release|x64.ActiveCfg = Release|x64
		{374B16A0-029F-45FE-B9B1-75E5FEA3CFE8}.Release|x64.Build.0 = Release|x64
		{374B16A0-029F-45FE-B9B1-75E5FEA3CFE8}.Release|x86.ActiveCfg = Release|x86
		{374B16A0-029F-45FE-B9B1-75E5FEA3CFE8}.Release|x86.Build.0 = Release|x86
		{BF85A77E-210F-46C0-8BE7-D0FBBB5B79C5}.Debug|Any CPU.ActiveCfg = Debug|x64
		{BF85A77E-210F-46C0-8BE7-D0FBBB5B79C5}.Debug|x64.ActiveCfg = Debug|x64
		{BF85A77E-210F-46C0-8BE7-D0FBBB5B79C5}.Debug|x64.Build.0 = Debug|x64
		{BF85A77E-210F-46C0-8BE7-D0FBBB5B79C5}.Debug|x86.ActiveCfg = Debug|x86
		{BF85A77E-210F-46C0-8BE7-D0FBBB5B79C5}.Debug|x86.Build.0 = Debug|x86
		{BF85A77E-210F-46C0-8BE7-D0FBBB5B79C5}.Release|Any CPU.ActiveCfg = Release|x64
		{BF85A77E-210F-46C0-8BE7-D0FBBB5B79C5}.Release|x64.ActiveCfg = Release|x64
		{BF85A77E-210F-46C0-8BE7-D0FBBB5B79C5}.Release|x64.Build.0 = Release|x64
		{BF85A77E-210F-46C0-8BE7-D0FBBB5B79C5}.Release|x86.ActiveCfg = Release|x86
		{BF85A77E-210F-46C0-8BE7-D0FBBB5B79C5}.Release|x86.Build.0 = Release|x86
		{E04BD18C-E3A7-48F4-9E93-D435B84459B8}.Debug|Any CPU.ActiveCfg = Debug|x64
		{E04BD18C-E3A7-48F4-9E93-D435B84459B8}.Debug|x64.ActiveCfg = Debug|x64
		{E04BD18C-E3A7-48F4-9E93-D435B84459B8}.Debug|x64.Build.0 = Debug|x64
		{E04BD18C-E3A7-48F4-9E93-D435B84459B8}.Debug|x86.ActiveCfg = Debug|x86
		{E04BD18C-E3A7-48F4-9E93-D435B84459B8}.Debug|x86.Build.0 = Debug|x86
		{E04BD18C-E3A7-48F4-9E93-D435B84459B8}.Release|Any CPU.ActiveCfg = Release|x64
		{E04BD18C-E3A7-48F4-9E93-D435B84459B8}.Release|x64.ActiveCfg = Release|x64
		{E04BD18C-E3A7-48F4-9E93-D435B84459B8}.Release|x64.Build.0 = Release|x64
		{E04BD18C-E3A7-48F4-9E93-D435B84459B8}.Release|x86.ActiveCfg = Release|x86
		{E04BD18C-E3A7-48F4-9E93-D435B84459B8}.Release|x86.Build.0 = Release|x86
		{FAB7FDAB-137F-4DC3-9032-5AC6BF88CB1B}.Debug|Any CPU.ActiveCfg = Debug|x64
		{FAB7FDAB-137F-4DC3-9032-5AC6BF88CB1B}.Debug|x64.ActiveCfg = Debug|x64
		{FAB7FDAB-137F-4DC3-9032-5AC6BF88CB1B}.Debug|x64.Build.0 = Debug|x64
		{FAB7FDAB-137F-4DC3-9032-5AC6BF88CB1B}.Debug|x86.ActiveCfg = Debug|x86
		{FAB7FDAB-137F-4DC3-9032-5AC6BF88CB1B}.Debug|x86.Build.0 = Debug|x86
		{FAB7FDAB-137F-4DC3-9032-5AC6BF88CB1B}.Release|Any CPU.ActiveCfg = Release|x64
		{FAB7FDAB-137F-4DC3-9032-5AC6BF88CB1B}.Release|x64.ActiveCfg = Release|x64
		{FAB7FDAB-137F-4DC3-9032-5AC6BF88CB1B}.Release|x64.Build.0 = Release|x64
		{FAB7FDAB-137F-4DC3-9032-5AC6BF88CB1B}.Release|x86.ActiveCfg = Release|x86
		{FAB7FDAB-137F-4DC3-9032-5AC6BF88CB1B}.Release|x86.Build.0 = Release|x86
		{D6C80F82-4B96-467E-AF84-1DE81B461112}.Debug|Any CPU.ActiveCfg = Debug|Any CPU
		{D6C80F82-4B96-467E-AF84-1DE81B461112}.Debug|Any CPU.Build.0 = Debug|Any CPU
		{D6C80F82-4B96-467E-AF84-1DE81B461112}.Debug|x64.ActiveCfg = Debug|x86
		{D6C80F82-4B96-467E-AF84-1DE81B461112}.Debug|x86.ActiveCfg = Debug|x86
		{D6C80F82-4B96-467E-AF84-1DE81B461112}.Debug|x86.Build.0 = Debug|x86
		{D6C80F82-4B96-467E-AF84-1DE81B461112}.Release|Any CPU.ActiveCfg = Release|Any CPU
		{D6C80F82-4B96-467E-AF84-1DE81B461112}.Release|Any CPU.Build.0 = Release|Any CPU
		{D6C80F82-4B96-467E-AF84-1DE81B461112}.Release|x64.ActiveCfg = Release|x86
		{D6C80F82-4B96-467E-AF84-1DE81B461112}.Release|x86.ActiveCfg = Release|x86
		{D6C80F82-4B96-467E-AF84-1DE81B461112}.Release|x86.Build.0 = Release|x86
		{1AD1BD67-9E0D-4DAF-9FAD-C279ACCD810C}.Debug|Any CPU.ActiveCfg = Debug|Any CPU
		{1AD1BD67-9E0D-4DAF-9FAD-C279ACCD810C}.Debug|Any CPU.Build.0 = Debug|Any CPU
		{1AD1BD67-9E0D-4DAF-9FAD-C279ACCD810C}.Debug|x64.ActiveCfg = Debug|x86
		{1AD1BD67-9E0D-4DAF-9FAD-C279ACCD810C}.Debug|x86.ActiveCfg = Debug|x86
		{1AD1BD67-9E0D-4DAF-9FAD-C279ACCD810C}.Debug|x86.Build.0 = Debug|x86
		{1AD1BD67-9E0D-4DAF-9FAD-C279ACCD810C}.Release|Any CPU.ActiveCfg = Release|Any CPU
		{1AD1BD67-9E0D-4DAF-9FAD-C279ACCD810C}.Release|Any CPU.Build.0 = Release|Any CPU
		{1AD1BD67-9E0D-4DAF-9FAD-C279ACCD810C}.Release|x64.ActiveCfg = Release|x86
		{1AD1BD67-9E0D-4DAF-9FAD-C279ACCD810C}.Release|x86.ActiveCfg = Release|x86
		{1AD1BD67-9E0D-4DAF-9FAD-C279ACCD810C}.Release|x86.Build.0 = Release|x86
		{A73AC9A5-7D8D-47F7-9EAA-A1E60A2C5652}.Debug|Any CPU.ActiveCfg = Debug|Any CPU
		{A73AC9A5-7D8D-47F7-9EAA-A1E60A2C5652}.Debug|Any CPU.Build.0 = Debug|Any CPU
		{A73AC9A5-7D8D-47F7-9EAA-A1E60A2C5652}.Debug|x64.ActiveCfg = Debug|x86
		{A73AC9A5-7D8D-47F7-9EAA-A1E60A2C5652}.Debug|x86.ActiveCfg = Debug|x86
		{A73AC9A5-7D8D-47F7-9EAA-A1E60A2C5652}.Debug|x86.Build.0 = Debug|x86
		{A73AC9A5-7D8D-47F7-9EAA-A1E60A2C5652}.Release|Any CPU.ActiveCfg = Release|Any CPU
		{A73AC9A5-7D8D-47F7-9EAA-A1E60A2C5652}.Release|Any CPU.Build.0 = Release|Any CPU
		{A73AC9A5-7D8D-47F7-9EAA-A1E60A2C5652}.Release|x64.ActiveCfg = Release|x86
		{A73AC9A5-7D8D-47F7-9EAA-A1E60A2C5652}.Release|x86.ActiveCfg = Release|x86
		{A73AC9A5-7D8D-47F7-9EAA-A1E60A2C5652}.Release|x86.Build.0 = Release|x86
		{D6F9BD22-0F14-47FE-83D9-0A79E51C9352}.Debug|Any CPU.ActiveCfg = Debug|Any CPU
		{D6F9BD22-0F14-47FE-83D9-0A79E51C9352}.Debug|Any CPU.Build.0 = Debug|Any CPU
		{D6F9BD22-0F14-47FE-83D9-0A79E51C9352}.Debug|x64.ActiveCfg = Debug|x86
		{D6F9BD22-0F14-47FE-83D9-0A79E51C9352}.Debug|x86.ActiveCfg = Debug|x86
		{D6F9BD22-0F14-47FE-83D9-0A79E51C9352}.Debug|x86.Build.0 = Debug|x86
		{D6F9BD22-0F14-47FE-83D9-0A79E51C9352}.Release|Any CPU.ActiveCfg = Release|Any CPU
		{D6F9BD22-0F14-47FE-83D9-0A79E51C9352}.Release|Any CPU.Build.0 = Release|Any CPU
		{D6F9BD22-0F14-47FE-83D9-0A79E51C9352}.Release|x64.ActiveCfg = Release|x86
		{D6F9BD22-0F14-47FE-83D9-0A79E51C9352}.Release|x86.ActiveCfg = Release|x86
		{D6F9BD22-0F14-47FE-83D9-0A79E51C9352}.Release|x86.Build.0 = Release|x86
		{5BAF30EB-FBE0-4C53-93E3-5E7818632984}.Debug|Any CPU.ActiveCfg = Debug|Any CPU
		{5BAF30EB-FBE0-4C53-93E3-5E7818632984}.Debug|Any CPU.Build.0 = Debug|Any CPU
		{5BAF30EB-FBE0-4C53-93E3-5E7818632984}.Debug|x64.ActiveCfg = Debug|x86
		{5BAF30EB-FBE0-4C53-93E3-5E7818632984}.Debug|x86.ActiveCfg = Debug|x86
		{5BAF30EB-FBE0-4C53-93E3-5E7818632984}.Debug|x86.Build.0 = Debug|x86
		{5BAF30EB-FBE0-4C53-93E3-5E7818632984}.Release|Any CPU.ActiveCfg = Release|Any CPU
		{5BAF30EB-FBE0-4C53-93E3-5E7818632984}.Release|Any CPU.Build.0 = Release|Any CPU
		{5BAF30EB-FBE0-4C53-93E3-5E7818632984}.Release|x64.ActiveCfg = Release|x86
		{5BAF30EB-FBE0-4C53-93E3-5E7818632984}.Release|x86.ActiveCfg = Release|x86
		{5BAF30EB-FBE0-4C53-93E3-5E7818632984}.Release|x86.Build.0 = Release|x86
		{E8CBCF8C-FEEA-46A0-B2D2-A6AE824D4BFF}.Debug|Any CPU.ActiveCfg = Debug|x64
		{E8CBCF8C-FEEA-46A0-B2D2-A6AE824D4BFF}.Debug|x64.ActiveCfg = Debug|x64
		{E8CBCF8C-FEEA-46A0-B2D2-A6AE824D4BFF}.Debug|x64.Build.0 = Debug|x64
		{E8CBCF8C-FEEA-46A0-B2D2-A6AE824D4BFF}.Debug|x86.ActiveCfg = Debug|x86
		{E8CBCF8C-FEEA-46A0-B2D2-A6AE824D4BFF}.Debug|x86.Build.0 = Debug|x86
		{E8CBCF8C-FEEA-46A0-B2D2-A6AE824D4BFF}.Release|Any CPU.ActiveCfg = Release|x64
		{E8CBCF8C-FEEA-46A0-B2D2-A6AE824D4BFF}.Release|x64.ActiveCfg = Release|x64
		{E8CBCF8C-FEEA-46A0-B2D2-A6AE824D4BFF}.Release|x64.Build.0 = Release|x64
		{E8CBCF8C-FEEA-46A0-B2D2-A6AE824D4BFF}.Release|x86.ActiveCfg = Release|x86
		{E8CBCF8C-FEEA-46A0-B2D2-A6AE824D4BFF}.Release|x86.Build.0 = Release|x86
		{99067BC0-53E8-408C-8F6F-538DFDF3FACD}.Debug|Any CPU.ActiveCfg = Debug|x64
		{99067BC0-53E8-408C-8F6F-538DFDF3FACD}.Debug|x64.ActiveCfg = Debug|x64
		{99067BC0-53E8-408C-8F6F-538DFDF3FACD}.Debug|x64.Build.0 = Debug|x64
		{99067BC0-53E8-408C-8F6F-538DFDF3FACD}.Debug|x86.ActiveCfg = Debug|x86
		{99067BC0-53E8-408C-8F6F-538DFDF3FACD}.Debug|x86.Build.0 = Debug|x86
		{99067BC0-53E8-408C-8F6F-538DFDF3FACD}.Release|Any CPU.ActiveCfg = Release|x64
		{99067BC0-53E8-408C-8F6F-538DFDF3FACD}.Release|x64.ActiveCfg = Release|x64
		{99067BC0-53E8-408C-8F6F-538DFDF3FACD}.Release|x64.Build.0 = Release|x64
		{99067BC0-53E8-408C-8F6F-538DFDF3FACD}.Release|x86.ActiveCfg = Release|x86
		{99067BC0-53E8-408C-8F6F-538DFDF3FACD}.Release|x86.Build.0 = Release|x86
	EndGlobalSection
	GlobalSection(SolutionProperties) = preSolution
		HideSolutionNode = FALSE
	EndGlobalSection
	GlobalSection(NestedProjects) = preSolution
		{BEAF3811-6A91-4062-A913-E55AE90DF9DE} = {05CEC270-38F8-4C86-993D-5EE6D85D65DC}
		{5F5D964C-F905-4BC1-8981-147FA3824A1B} = {05CEC270-38F8-4C86-993D-5EE6D85D65DC}
		{C2BF762D-7268-4DD3-95EE-31B8ABBA3CBB} = {CB7A967A-D5D0-4F7F-AFA2-AE5089D4DCDD}
		{FB0759CF-10FE-477D-A9D8-4537E92C7180} = {CB7A967A-D5D0-4F7F-AFA2-AE5089D4DCDD}
		{BE10471A-31E6-44F7-9B66-1E3757C3C4C4} = {2FF03F0C-379C-45EC-8DD3-E1D8BDBD29ED}
		{3BC70A81-854B-4737-92C4-A7EC7EF2A2E5} = {2FF03F0C-379C-45EC-8DD3-E1D8BDBD29ED}
		{2541D3F3-7BC1-435A-826E-9F3C18D5E39C} = {A1960269-4160-4AA3-A57C-B878882BEC51}
		{A41AA43A-F8EE-40F7-8DC7-41DDDAC5B4B7} = {A1960269-4160-4AA3-A57C-B878882BEC51}
		{60F23AC0-1D46-4D5C-808E-A4B2F4FE7784} = {BEAF3811-6A91-4062-A913-E55AE90DF9DE}
		{BB51AD83-632A-444A-856F-CB133351F475} = {BEAF3811-6A91-4062-A913-E55AE90DF9DE}
		{6CD79855-8965-4E7C-9FDD-D3D8B3910FD1} = {BEAF3811-6A91-4062-A913-E55AE90DF9DE}
		{91723890-B45E-410F-8E6E-A3CB85631228} = {BEAF3811-6A91-4062-A913-E55AE90DF9DE}
		{3786B85F-5556-41B8-A724-CA91CF854772} = {5F5D964C-F905-4BC1-8981-147FA3824A1B}
		{2061A36F-3F86-4623-BFC2-0937ED7AC463} = {5F5D964C-F905-4BC1-8981-147FA3824A1B}
		{FC14C5EF-772A-4787-B57B-829DA1BEA265} = {5F5D964C-F905-4BC1-8981-147FA3824A1B}
		{24FC0C0E-CE83-4669-BBA0-98FC46265FF9} = {5F5D964C-F905-4BC1-8981-147FA3824A1B}
		{51C2D916-7238-4D6F-AE27-AB3A4669EA18} = {C2BF762D-7268-4DD3-95EE-31B8ABBA3CBB}
		{06FC6E0D-D6E7-4395-9D85-0E99C4707955} = {C2BF762D-7268-4DD3-95EE-31B8ABBA3CBB}
		{2F5B0C3F-CF92-4E5D-A580-6494D7874641} = {C2BF762D-7268-4DD3-95EE-31B8ABBA3CBB}
		{00BA7E78-C807-49D0-9CB7-3E596B0FFD41} = {C2BF762D-7268-4DD3-95EE-31B8ABBA3CBB}
		{AB296E6B-D0F6-4E8F-AC25-27DBD2BEA609} = {C2BF762D-7268-4DD3-95EE-31B8ABBA3CBB}
		{0226485F-D0D3-4BB0-8A4D-720AE52A24C5} = {C2BF762D-7268-4DD3-95EE-31B8ABBA3CBB}
		{9DDE74BD-DCE3-4EC6-AFBA-A48A4969F438} = {FB0759CF-10FE-477D-A9D8-4537E92C7180}
		{777E717E-5542-4EA8-A420-EA46DE59CCF7} = {FB0759CF-10FE-477D-A9D8-4537E92C7180}
		{91C249D2-503A-43A6-82E3-EBF031980BC5} = {FB0759CF-10FE-477D-A9D8-4537E92C7180}
		{1CE709A5-C349-4671-8876-AD55A45877D6} = {FB0759CF-10FE-477D-A9D8-4537E92C7180}
		{4D50E8F6-595F-40CC-BCB3-4D8BB6070928} = {FB0759CF-10FE-477D-A9D8-4537E92C7180}
		{D512CAAA-944D-4A90-9D7C-DEAE26896472} = {FB0759CF-10FE-477D-A9D8-4537E92C7180}
		{46B4D66D-8482-47E5-B9AB-FCB45941624E} = {BE10471A-31E6-44F7-9B66-1E3757C3C4C4}
		{94622474-BB54-48B9-B1C6-37A87CD4875B} = {BE10471A-31E6-44F7-9B66-1E3757C3C4C4}
		{E7547979-19C1-4083-871B-1FD1C3C87377} = {3BC70A81-854B-4737-92C4-A7EC7EF2A2E5}
		{D6C80F82-4B96-467E-AF84-1DE81B461112} = {2541D3F3-7BC1-435A-826E-9F3C18D5E39C}
		{1AD1BD67-9E0D-4DAF-9FAD-C279ACCD810C} = {2541D3F3-7BC1-435A-826E-9F3C18D5E39C}
		{A73AC9A5-7D8D-47F7-9EAA-A1E60A2C5652} = {2541D3F3-7BC1-435A-826E-9F3C18D5E39C}
		{D6F9BD22-0F14-47FE-83D9-0A79E51C9352} = {2541D3F3-7BC1-435A-826E-9F3C18D5E39C}
		{5BAF30EB-FBE0-4C53-93E3-5E7818632984} = {2541D3F3-7BC1-435A-826E-9F3C18D5E39C}
		{E8CBCF8C-FEEA-46A0-B2D2-A6AE824D4BFF} = {2541D3F3-7BC1-435A-826E-9F3C18D5E39C}
		{99641132-F89D-4DC1-8038-8826E6FFADF1} = {A41AA43A-F8EE-40F7-8DC7-41DDDAC5B4B7}
		{6A76B69F-9C84-4472-9CC0-7A5A49DF9EAB} = {A41AA43A-F8EE-40F7-8DC7-41DDDAC5B4B7}
		{8ACC1ADF-79A2-4C46-85D8-F98C8BCB4308} = {A41AA43A-F8EE-40F7-8DC7-41DDDAC5B4B7}
		{374B16A0-029F-45FE-B9B1-75E5FEA3CFE8} = {A41AA43A-F8EE-40F7-8DC7-41DDDAC5B4B7}
		{BF85A77E-210F-46C0-8BE7-D0FBBB5B79C5} = {A41AA43A-F8EE-40F7-8DC7-41DDDAC5B4B7}
		{E04BD18C-E3A7-48F4-9E93-D435B84459B8} = {A41AA43A-F8EE-40F7-8DC7-41DDDAC5B4B7}
		{FAB7FDAB-137F-4DC3-9032-5AC6BF88CB1B} = {A41AA43A-F8EE-40F7-8DC7-41DDDAC5B4B7}
		{99067BC0-53E8-408C-8F6F-538DFDF3FACD} = {A41AA43A-F8EE-40F7-8DC7-41DDDAC5B4B7}
	EndGlobalSection
EndGlobal
