
Microsoft Visual Studio Solution File, Format Version 11.00
# Visual Studio 2010
Project("{2150E333-8FDC-42A3-9474-1A3956D46DE8}") = "01-05 Prices", "01-05 Prices", "{05CEC270-38F8-4C86-993D-5EE6D85D65DC}"
EndProject
Project("{FAE04EC0-301F-11D3-BF4B-00C04F79EFBC}") = "01_PriceUpdateDragDrop", "TTAPI\C#\PriceUpdateDragDrop\01_PriceUpdateDragDrop.csproj", "{60F23AC0-1D46-4D5C-808E-A4B2F4FE7784}"
EndProject
Project("{FAE04EC0-301F-11D3-BF4B-00C04F79EFBC}") = "02_PriceUpdateManual", "TTAPI\C#\PriceUpdateManual\02_PriceUpdateManual.csproj", "{BB51AD83-632A-444A-856F-CB133351F475}"
EndProject
Project("{FAE04EC0-301F-11D3-BF4B-00C04F79EFBC}") = "03_PriceUpdateMultiThreaded", "TTAPI\C#\PriceUpdateMultiThreaded\03_PriceUpdateMultiThreaded.csproj", "{16807C69-9BC6-4755-9D1B-7520EF51C504}"
EndProject
Project("{FAE04EC0-301F-11D3-BF4B-00C04F79EFBC}") = "04_PriceUpdateDepth", "TTAPI\C#\PriceUpdateDepth\04_PriceUpdateDepth.csproj", "{6CD79855-8965-4E7C-9FDD-D3D8B3910FD1}"
EndProject
Project("{FAE04EC0-301F-11D3-BF4B-00C04F79EFBC}") = "05_TimeAndSales", "TTAPI\C#\TimeAndSales\05_TimeAndSales.csproj", "{91723890-B45E-410F-8E6E-A3CB85631228}"
EndProject
Project("{2150E333-8FDC-42A3-9474-1A3956D46DE8}") = "06-11 Orders and Fills", "06-11 Orders and Fills", "{CB7A967A-D5D0-4F7F-AFA2-AE5089D4DCDD}"
EndProject
Project("{FAE04EC0-301F-11D3-BF4B-00C04F79EFBC}") = "06_SubmitOrder", "TTAPI\C#\SubmitOrder\06_SubmitOrder.csproj", "{9DDE74BD-DCE3-4EC6-AFBA-A48A4969F438}"
EndProject
Project("{FAE04EC0-301F-11D3-BF4B-00C04F79EFBC}") = "07_ModifyOrder", "TTAPI\C#\ModifyOrder\07_ModifyOrder.csproj", "{777E717E-5542-4EA8-A420-EA46DE59CCF7}"
EndProject
Project("{FAE04EC0-301F-11D3-BF4B-00C04F79EFBC}") = "08_OrderUpdate", "TTAPI\C#\OrderUpdate\08_OrderUpdate.csproj", "{91C249D2-503A-43A6-82E3-EBF031980BC5}"
EndProject
Project("{FAE04EC0-301F-11D3-BF4B-00C04F79EFBC}") = "09_FillUpdate", "TTAPI\C#\FillUpdate\09_FillUpdate.csproj", "{1CE709A5-C349-4671-8876-AD55A45877D6}"
EndProject
Project("{FAE04EC0-301F-11D3-BF4B-00C04F79EFBC}") = "10_OrderFilter", "TTAPI\C#\OrderFilter\10_OrderFilter.csproj", "{4D50E8F6-595F-40CC-BCB3-4D8BB6070928}"
EndProject
Project("{FAE04EC0-301F-11D3-BF4B-00C04F79EFBC}") = "11_ProfitLoss", "TTAPI\C#\ProfitLoss\11_ProfitLoss.csproj", "{D512CAAA-944D-4A90-9D7C-DEAE26896472}"
EndProject
Project("{2150E333-8FDC-42A3-9474-1A3956D46DE8}") = "12-14 Miscellaneous", "12-14 Miscellaneous", "{2FF03F0C-379C-45EC-8DD3-E1D8BDBD29ED}"
EndProject
Project("{FAE04EC0-301F-11D3-BF4B-00C04F79EFBC}") = "12_MarketExplorer", "TTAPI\C#\MarketExplorer\12_MarketExplorer.csproj", "{E7547979-19C1-4083-871B-1FD1C3C87377}"
EndProject
Project("{FAE04EC0-301F-11D3-BF4B-00C04F79EFBC}") = "13_Autospreader", "TTAPI\C#\Autospreader\13_Autospreader.csproj", "{FBB7B8DE-3FC2-4A58-B767-FF24C440605F}"
EndProject
Project("{FAE04EC0-301F-11D3-BF4B-00C04F79EFBC}") = "14_TTAPI_Sample_DragAndDrop", "TTAPI\C#\TTAPI_Sample_DragAndDrop\14_TTAPI_Sample_DragAndDrop.csproj", "{B595FA81-15F7-46A1-B946-E1C831C41671}"
EndProject
Project("{2150E333-8FDC-42A3-9474-1A3956D46DE8}") = "15-19 Console", "15-19 Console", "{A1960269-4160-4AA3-A57C-B878882BEC51}"
EndProject
Project("{FAE04EC0-301F-11D3-BF4B-00C04F79EFBC}") = "15_TTAPI_Sample_ASEOrderRouting", "TTAPI\C#\TTAPI_Sample_ASEOrderRouting\15_TTAPI_Sample_ASEOrderRouting.csproj", "{D6F9BD22-0F14-47FE-83D9-0A79E51C9352}"
EndProject
Project("{FAE04EC0-301F-11D3-BF4B-00C04F79EFBC}") = "16_TTAPI_Sample_FillSubscription", "TTAPI\C#\TTAPI_Sample_FillSubscription\16_TTAPI_Sample_FillSubscription.csproj", "{A73AC9A5-7D8D-47F7-9EAA-A1E60A2C5652}"
EndProject
Project("{FAE04EC0-301F-11D3-BF4B-00C04F79EFBC}") = "17_TTAPI_Sample_OrderRouting", "TTAPI\C#\TTAPI_Sample_OrderRouting\17_TTAPI_Sample_OrderRouting.csproj", "{1AD1BD67-9E0D-4DAF-9FAD-C279ACCD810C}"
EndProject
Project("{FAE04EC0-301F-11D3-BF4B-00C04F79EFBC}") = "18_TTAPI_Sample_PriceSubscription", "TTAPI\C#\TTAPI_Sample_PriceSubscription\18_TTAPI_Sample_PriceSubscription.csproj", "{D6C80F82-4B96-467E-AF84-1DE81B461112}"
EndProject
Project("{FAE04EC0-301F-11D3-BF4B-00C04F79EFBC}") = "19_TTAPI_Sample_SSEOrderRouting", "TTAPI\C#\TTAPI_Sample_SSEOrderRouting\19_TTAPI_Sample_SSEOrderRouting.csproj", "{5BAF30EB-FBE0-4C53-93E3-5E7818632984}"
EndProject
Global
	GlobalSection(SolutionConfigurationPlatforms) = preSolution
		Debug|Any CPU = Debug|Any CPU
		Debug|x64 = Debug|x64
		Debug|x86 = Debug|x86
		Release|Any CPU = Release|Any CPU
		Release|x64 = Release|x64
		Release|x86 = Release|x86
	EndGlobalSection
	GlobalSection(ProjectConfigurationPlatforms) = postSolution
		{60F23AC0-1D46-4D5C-808E-A4B2F4FE7784}.Debug|Any CPU.ActiveCfg = Debug|Any CPU
		{60F23AC0-1D46-4D5C-808E-A4B2F4FE7784}.Debug|Any CPU.Build.0 = Debug|Any CPU
		{60F23AC0-1D46-4D5C-808E-A4B2F4FE7784}.Debug|x64.ActiveCfg = Debug|x64
		{60F23AC0-1D46-4D5C-808E-A4B2F4FE7784}.Debug|x64.Build.0 = Debug|x64
		{60F23AC0-1D46-4D5C-808E-A4B2F4FE7784}.Debug|x86.ActiveCfg = Debug|x86
		{60F23AC0-1D46-4D5C-808E-A4B2F4FE7784}.Debug|x86.Build.0 = Debug|x86
		{60F23AC0-1D46-4D5C-808E-A4B2F4FE7784}.Release|Any CPU.ActiveCfg = Release|Any CPU
		{60F23AC0-1D46-4D5C-808E-A4B2F4FE7784}.Release|Any CPU.Build.0 = Release|Any CPU
		{60F23AC0-1D46-4D5C-808E-A4B2F4FE7784}.Release|x64.ActiveCfg = Release|x64
		{60F23AC0-1D46-4D5C-808E-A4B2F4FE7784}.Release|x64.Build.0 = Release|x64
		{60F23AC0-1D46-4D5C-808E-A4B2F4FE7784}.Release|x86.ActiveCfg = Release|x86
		{60F23AC0-1D46-4D5C-808E-A4B2F4FE7784}.Release|x86.Build.0 = Release|x86
		{BB51AD83-632A-444A-856F-CB133351F475}.Debug|Any CPU.ActiveCfg = Debug|Any CPU
		{BB51AD83-632A-444A-856F-CB133351F475}.Debug|Any CPU.Build.0 = Debug|Any CPU
		{BB51AD83-632A-444A-856F-CB133351F475}.Debug|x64.ActiveCfg = Debug|x64
		{BB51AD83-632A-444A-856F-CB133351F475}.Debug|x64.Build.0 = Debug|x64
		{BB51AD83-632A-444A-856F-CB133351F475}.Debug|x86.ActiveCfg = Debug|x86
		{BB51AD83-632A-444A-856F-CB133351F475}.Debug|x86.Build.0 = Debug|x86
		{BB51AD83-632A-444A-856F-CB133351F475}.Release|Any CPU.ActiveCfg = Release|Any CPU
		{BB51AD83-632A-444A-856F-CB133351F475}.Release|Any CPU.Build.0 = Release|Any CPU
		{BB51AD83-632A-444A-856F-CB133351F475}.Release|x64.ActiveCfg = Release|x64
		{BB51AD83-632A-444A-856F-CB133351F475}.Release|x64.Build.0 = Release|x64
		{BB51AD83-632A-444A-856F-CB133351F475}.Release|x86.ActiveCfg = Release|x86
		{BB51AD83-632A-444A-856F-CB133351F475}.Release|x86.Build.0 = Release|x86
		{16807C69-9BC6-4755-9D1B-7520EF51C504}.Debug|Any CPU.ActiveCfg = Debug|Any CPU
		{16807C69-9BC6-4755-9D1B-7520EF51C504}.Debug|Any CPU.Build.0 = Debug|Any CPU
		{16807C69-9BC6-4755-9D1B-7520EF51C504}.Debug|x64.ActiveCfg = Debug|x64
		{16807C69-9BC6-4755-9D1B-7520EF51C504}.Debug|x64.Build.0 = Debug|x64
		{16807C69-9BC6-4755-9D1B-7520EF51C504}.Debug|x86.ActiveCfg = Debug|x86
		{16807C69-9BC6-4755-9D1B-7520EF51C504}.Debug|x86.Build.0 = Debug|x86
		{16807C69-9BC6-4755-9D1B-7520EF51C504}.Release|Any CPU.ActiveCfg = Release|x86
		{16807C69-9BC6-4755-9D1B-7520EF51C504}.Release|x64.ActiveCfg = Release|x64
		{16807C69-9BC6-4755-9D1B-7520EF51C504}.Release|x64.Build.0 = Release|x64
		{16807C69-9BC6-4755-9D1B-7520EF51C504}.Release|x86.ActiveCfg = Release|x86
		{16807C69-9BC6-4755-9D1B-7520EF51C504}.Release|x86.Build.0 = Release|x86
		{6CD79855-8965-4E7C-9FDD-D3D8B3910FD1}.Debug|Any CPU.ActiveCfg = Debug|Any CPU
		{6CD79855-8965-4E7C-9FDD-D3D8B3910FD1}.Debug|Any CPU.Build.0 = Debug|Any CPU
		{6CD79855-8965-4E7C-9FDD-D3D8B3910FD1}.Debug|x64.ActiveCfg = Debug|x64
		{6CD79855-8965-4E7C-9FDD-D3D8B3910FD1}.Debug|x64.Build.0 = Debug|x64
		{6CD79855-8965-4E7C-9FDD-D3D8B3910FD1}.Debug|x86.ActiveCfg = Debug|x86
		{6CD79855-8965-4E7C-9FDD-D3D8B3910FD1}.Debug|x86.Build.0 = Debug|x86
		{6CD79855-8965-4E7C-9FDD-D3D8B3910FD1}.Release|Any CPU.ActiveCfg = Release|Any CPU
		{6CD79855-8965-4E7C-9FDD-D3D8B3910FD1}.Release|Any CPU.Build.0 = Release|Any CPU
		{6CD79855-8965-4E7C-9FDD-D3D8B3910FD1}.Release|x64.ActiveCfg = Release|x64
		{6CD79855-8965-4E7C-9FDD-D3D8B3910FD1}.Release|x64.Build.0 = Release|x64
		{6CD79855-8965-4E7C-9FDD-D3D8B3910FD1}.Release|x86.ActiveCfg = Release|x86
		{6CD79855-8965-4E7C-9FDD-D3D8B3910FD1}.Release|x86.Build.0 = Release|x86
		{91723890-B45E-410F-8E6E-A3CB85631228}.Debug|Any CPU.ActiveCfg = Debug|Any CPU
		{91723890-B45E-410F-8E6E-A3CB85631228}.Debug|Any CPU.Build.0 = Debug|Any CPU
		{91723890-B45E-410F-8E6E-A3CB85631228}.Debug|x64.ActiveCfg = Debug|x64
		{91723890-B45E-410F-8E6E-A3CB85631228}.Debug|x64.Build.0 = Debug|x64
		{91723890-B45E-410F-8E6E-A3CB85631228}.Debug|x86.ActiveCfg = Debug|x86
		{91723890-B45E-410F-8E6E-A3CB85631228}.Debug|x86.Build.0 = Debug|x86
		{91723890-B45E-410F-8E6E-A3CB85631228}.Release|Any CPU.ActiveCfg = Release|Any CPU
		{91723890-B45E-410F-8E6E-A3CB85631228}.Release|Any CPU.Build.0 = Release|Any CPU
		{91723890-B45E-410F-8E6E-A3CB85631228}.Release|x64.ActiveCfg = Release|x64
		{91723890-B45E-410F-8E6E-A3CB85631228}.Release|x64.Build.0 = Release|x64
		{91723890-B45E-410F-8E6E-A3CB85631228}.Release|x86.ActiveCfg = Release|x86
		{91723890-B45E-410F-8E6E-A3CB85631228}.Release|x86.Build.0 = Release|x86
		{9DDE74BD-DCE3-4EC6-AFBA-A48A4969F438}.Debug|Any CPU.ActiveCfg = Debug|Any CPU
		{9DDE74BD-DCE3-4EC6-AFBA-A48A4969F438}.Debug|Any CPU.Build.0 = Debug|Any CPU
		{9DDE74BD-DCE3-4EC6-AFBA-A48A4969F438}.Debug|x64.ActiveCfg = Debug|x64
		{9DDE74BD-DCE3-4EC6-AFBA-A48A4969F438}.Debug|x64.Build.0 = Debug|x64
		{9DDE74BD-DCE3-4EC6-AFBA-A48A4969F438}.Debug|x86.ActiveCfg = Debug|x86
		{9DDE74BD-DCE3-4EC6-AFBA-A48A4969F438}.Debug|x86.Build.0 = Debug|x86
		{9DDE74BD-DCE3-4EC6-AFBA-A48A4969F438}.Release|Any CPU.ActiveCfg = Release|Any CPU
		{9DDE74BD-DCE3-4EC6-AFBA-A48A4969F438}.Release|Any CPU.Build.0 = Release|Any CPU
		{9DDE74BD-DCE3-4EC6-AFBA-A48A4969F438}.Release|x64.ActiveCfg = Release|x64
		{9DDE74BD-DCE3-4EC6-AFBA-A48A4969F438}.Release|x64.Build.0 = Release|x64
		{9DDE74BD-DCE3-4EC6-AFBA-A48A4969F438}.Release|x86.ActiveCfg = Release|x86
		{9DDE74BD-DCE3-4EC6-AFBA-A48A4969F438}.Release|x86.Build.0 = Release|x86
		{777E717E-5542-4EA8-A420-EA46DE59CCF7}.Debug|Any CPU.ActiveCfg = Debug|Any CPU
		{777E717E-5542-4EA8-A420-EA46DE59CCF7}.Debug|Any CPU.Build.0 = Debug|Any CPU
		{777E717E-5542-4EA8-A420-EA46DE59CCF7}.Debug|x64.ActiveCfg = Debug|x64
		{777E717E-5542-4EA8-A420-EA46DE59CCF7}.Debug|x64.Build.0 = Debug|x64
		{777E717E-5542-4EA8-A420-EA46DE59CCF7}.Debug|x86.ActiveCfg = Debug|x86
		{777E717E-5542-4EA8-A420-EA46DE59CCF7}.Debug|x86.Build.0 = Debug|x86
		{777E717E-5542-4EA8-A420-EA46DE59CCF7}.Release|Any CPU.ActiveCfg = Release|Any CPU
		{777E717E-5542-4EA8-A420-EA46DE59CCF7}.Release|Any CPU.Build.0 = Release|Any CPU
		{777E717E-5542-4EA8-A420-EA46DE59CCF7}.Release|x64.ActiveCfg = Release|x64
		{777E717E-5542-4EA8-A420-EA46DE59CCF7}.Release|x64.Build.0 = Release|x64
		{777E717E-5542-4EA8-A420-EA46DE59CCF7}.Release|x86.ActiveCfg = Release|x86
		{777E717E-5542-4EA8-A420-EA46DE59CCF7}.Release|x86.Build.0 = Release|x86
		{91C249D2-503A-43A6-82E3-EBF031980BC5}.Debug|Any CPU.ActiveCfg = Debug|Any CPU
		{91C249D2-503A-43A6-82E3-EBF031980BC5}.Debug|Any CPU.Build.0 = Debug|Any CPU
		{91C249D2-503A-43A6-82E3-EBF031980BC5}.Debug|x64.ActiveCfg = Debug|x64
		{91C249D2-503A-43A6-82E3-EBF031980BC5}.Debug|x64.Build.0 = Debug|x64
		{91C249D2-503A-43A6-82E3-EBF031980BC5}.Debug|x86.ActiveCfg = Debug|x86
		{91C249D2-503A-43A6-82E3-EBF031980BC5}.Debug|x86.Build.0 = Debug|x86
		{91C249D2-503A-43A6-82E3-EBF031980BC5}.Release|Any CPU.ActiveCfg = Release|Any CPU
		{91C249D2-503A-43A6-82E3-EBF031980BC5}.Release|Any CPU.Build.0 = Release|Any CPU
		{91C249D2-503A-43A6-82E3-EBF031980BC5}.Release|x64.ActiveCfg = Release|x64
		{91C249D2-503A-43A6-82E3-EBF031980BC5}.Release|x64.Build.0 = Release|x64
		{91C249D2-503A-43A6-82E3-EBF031980BC5}.Release|x86.ActiveCfg = Release|x86
		{91C249D2-503A-43A6-82E3-EBF031980BC5}.Release|x86.Build.0 = Release|x86
		{1CE709A5-C349-4671-8876-AD55A45877D6}.Debug|Any CPU.ActiveCfg = Debug|Any CPU
		{1CE709A5-C349-4671-8876-AD55A45877D6}.Debug|Any CPU.Build.0 = Debug|Any CPU
		{1CE709A5-C349-4671-8876-AD55A45877D6}.Debug|x64.ActiveCfg = Debug|x64
		{1CE709A5-C349-4671-8876-AD55A45877D6}.Debug|x64.Build.0 = Debug|x64
		{1CE709A5-C349-4671-8876-AD55A45877D6}.Debug|x86.ActiveCfg = Debug|x86
		{1CE709A5-C349-4671-8876-AD55A45877D6}.Debug|x86.Build.0 = Debug|x86
		{1CE709A5-C349-4671-8876-AD55A45877D6}.Release|Any CPU.ActiveCfg = Release|Any CPU
		{1CE709A5-C349-4671-8876-AD55A45877D6}.Release|Any CPU.Build.0 = Release|Any CPU
		{1CE709A5-C349-4671-8876-AD55A45877D6}.Release|x64.ActiveCfg = Release|x64
		{1CE709A5-C349-4671-8876-AD55A45877D6}.Release|x64.Build.0 = Release|x64
		{1CE709A5-C349-4671-8876-AD55A45877D6}.Release|x86.ActiveCfg = Release|x86
		{1CE709A5-C349-4671-8876-AD55A45877D6}.Release|x86.Build.0 = Release|x86
		{4D50E8F6-595F-40CC-BCB3-4D8BB6070928}.Debug|Any CPU.ActiveCfg = Debug|Any CPU
		{4D50E8F6-595F-40CC-BCB3-4D8BB6070928}.Debug|Any CPU.Build.0 = Debug|Any CPU
		{4D50E8F6-595F-40CC-BCB3-4D8BB6070928}.Debug|x64.ActiveCfg = Debug|x64
		{4D50E8F6-595F-40CC-BCB3-4D8BB6070928}.Debug|x64.Build.0 = Debug|x64
		{4D50E8F6-595F-40CC-BCB3-4D8BB6070928}.Debug|x86.ActiveCfg = Debug|x86
		{4D50E8F6-595F-40CC-BCB3-4D8BB6070928}.Debug|x86.Build.0 = Debug|x86
		{4D50E8F6-595F-40CC-BCB3-4D8BB6070928}.Release|Any CPU.ActiveCfg = Release|Any CPU
		{4D50E8F6-595F-40CC-BCB3-4D8BB6070928}.Release|Any CPU.Build.0 = Release|Any CPU
		{4D50E8F6-595F-40CC-BCB3-4D8BB6070928}.Release|x64.ActiveCfg = Release|x64
		{4D50E8F6-595F-40CC-BCB3-4D8BB6070928}.Release|x64.Build.0 = Release|x64
		{4D50E8F6-595F-40CC-BCB3-4D8BB6070928}.Release|x86.ActiveCfg = Release|x86
		{4D50E8F6-595F-40CC-BCB3-4D8BB6070928}.Release|x86.Build.0 = Release|x86
		{D512CAAA-944D-4A90-9D7C-DEAE26896472}.Debug|Any CPU.ActiveCfg = Debug|Any CPU
		{D512CAAA-944D-4A90-9D7C-DEAE26896472}.Debug|Any CPU.Build.0 = Debug|Any CPU
		{D512CAAA-944D-4A90-9D7C-DEAE26896472}.Debug|x64.ActiveCfg = Debug|x64
		{D512CAAA-944D-4A90-9D7C-DEAE26896472}.Debug|x64.Build.0 = Debug|x64
		{D512CAAA-944D-4A90-9D7C-DEAE26896472}.Debug|x86.ActiveCfg = Debug|x86
		{D512CAAA-944D-4A90-9D7C-DEAE26896472}.Debug|x86.Build.0 = Debug|x86
		{D512CAAA-944D-4A90-9D7C-DEAE26896472}.Release|Any CPU.ActiveCfg = Release|Any CPU
		{D512CAAA-944D-4A90-9D7C-DEAE26896472}.Release|Any CPU.Build.0 = Release|Any CPU
		{D512CAAA-944D-4A90-9D7C-DEAE26896472}.Release|x64.ActiveCfg = Release|x64
		{D512CAAA-944D-4A90-9D7C-DEAE26896472}.Release|x64.Build.0 = Release|x64
		{D512CAAA-944D-4A90-9D7C-DEAE26896472}.Release|x86.ActiveCfg = Release|x86
		{D512CAAA-944D-4A90-9D7C-DEAE26896472}.Release|x86.Build.0 = Release|x86
		{E7547979-19C1-4083-871B-1FD1C3C87377}.Debug|Any CPU.ActiveCfg = Debug|Any CPU
		{E7547979-19C1-4083-871B-1FD1C3C87377}.Debug|Any CPU.Build.0 = Debug|Any CPU
		{E7547979-19C1-4083-871B-1FD1C3C87377}.Debug|x64.ActiveCfg = Debug|x64
		{E7547979-19C1-4083-871B-1FD1C3C87377}.Debug|x64.Build.0 = Debug|x64
		{E7547979-19C1-4083-871B-1FD1C3C87377}.Debug|x86.ActiveCfg = Debug|x86
		{E7547979-19C1-4083-871B-1FD1C3C87377}.Debug|x86.Build.0 = Debug|x86
		{E7547979-19C1-4083-871B-1FD1C3C87377}.Release|Any CPU.ActiveCfg = Release|x86
		{E7547979-19C1-4083-871B-1FD1C3C87377}.Release|x64.ActiveCfg = Release|x64
		{E7547979-19C1-4083-871B-1FD1C3C87377}.Release|x64.Build.0 = Release|x64
		{E7547979-19C1-4083-871B-1FD1C3C87377}.Release|x86.ActiveCfg = Release|x86
		{E7547979-19C1-4083-871B-1FD1C3C87377}.Release|x86.Build.0 = Release|x86
		{FBB7B8DE-3FC2-4A58-B767-FF24C440605F}.Debug|Any CPU.ActiveCfg = Debug|Any CPU
		{FBB7B8DE-3FC2-4A58-B767-FF24C440605F}.Debug|Any CPU.Build.0 = Debug|Any CPU
		{FBB7B8DE-3FC2-4A58-B767-FF24C440605F}.Debug|x64.ActiveCfg = Debug|x64
		{FBB7B8DE-3FC2-4A58-B767-FF24C440605F}.Debug|x64.Build.0 = Debug|x64
		{FBB7B8DE-3FC2-4A58-B767-FF24C440605F}.Debug|x86.ActiveCfg = Debug|x86
		{FBB7B8DE-3FC2-4A58-B767-FF24C440605F}.Debug|x86.Build.0 = Debug|x86
		{FBB7B8DE-3FC2-4A58-B767-FF24C440605F}.Release|Any CPU.ActiveCfg = Release|Any CPU
		{FBB7B8DE-3FC2-4A58-B767-FF24C440605F}.Release|Any CPU.Build.0 = Release|Any CPU
		{FBB7B8DE-3FC2-4A58-B767-FF24C440605F}.Release|x64.ActiveCfg = Release|x64
		{FBB7B8DE-3FC2-4A58-B767-FF24C440605F}.Release|x64.Build.0 = Release|x64
		{FBB7B8DE-3FC2-4A58-B767-FF24C440605F}.Release|x86.ActiveCfg = Release|x86
		{FBB7B8DE-3FC2-4A58-B767-FF24C440605F}.Release|x86.Build.0 = Release|x86
		{B595FA81-15F7-46A1-B946-E1C831C41671}.Debug|Any CPU.ActiveCfg = Debug|Any CPU
		{B595FA81-15F7-46A1-B946-E1C831C41671}.Debug|Any CPU.Build.0 = Debug|Any CPU
		{B595FA81-15F7-46A1-B946-E1C831C41671}.Debug|x64.ActiveCfg = Debug|x64
		{B595FA81-15F7-46A1-B946-E1C831C41671}.Debug|x64.Build.0 = Debug|x64
		{B595FA81-15F7-46A1-B946-E1C831C41671}.Debug|x86.ActiveCfg = Debug|x86
		{B595FA81-15F7-46A1-B946-E1C831C41671}.Debug|x86.Build.0 = Debug|x86
		{B595FA81-15F7-46A1-B946-E1C831C41671}.Release|Any CPU.ActiveCfg = Release|Any CPU
		{B595FA81-15F7-46A1-B946-E1C831C41671}.Release|Any CPU.Build.0 = Release|Any CPU
		{B595FA81-15F7-46A1-B946-E1C831C41671}.Release|x64.ActiveCfg = Release|x64
		{B595FA81-15F7-46A1-B946-E1C831C41671}.Release|x64.Build.0 = Release|x64
		{B595FA81-15F7-46A1-B946-E1C831C41671}.Release|x86.ActiveCfg = Release|x86
		{B595FA81-15F7-46A1-B946-E1C831C41671}.Release|x86.Build.0 = Release|x86
		{D6F9BD22-0F14-47FE-83D9-0A79E51C9352}.Debug|Any CPU.ActiveCfg = Debug|Any CPU
		{D6F9BD22-0F14-47FE-83D9-0A79E51C9352}.Debug|Any CPU.Build.0 = Debug|Any CPU
		{D6F9BD22-0F14-47FE-83D9-0A79E51C9352}.Debug|x64.ActiveCfg = Debug|x64
		{D6F9BD22-0F14-47FE-83D9-0A79E51C9352}.Debug|x64.Build.0 = Debug|x64
		{D6F9BD22-0F14-47FE-83D9-0A79E51C9352}.Debug|x86.ActiveCfg = Debug|x86
		{D6F9BD22-0F14-47FE-83D9-0A79E51C9352}.Debug|x86.Build.0 = Debug|x86
		{D6F9BD22-0F14-47FE-83D9-0A79E51C9352}.Release|Any CPU.ActiveCfg = Release|Any CPU
		{D6F9BD22-0F14-47FE-83D9-0A79E51C9352}.Release|Any CPU.Build.0 = Release|Any CPU
		{D6F9BD22-0F14-47FE-83D9-0A79E51C9352}.Release|x64.ActiveCfg = Release|x64
		{D6F9BD22-0F14-47FE-83D9-0A79E51C9352}.Release|x64.Build.0 = Release|x64
		{D6F9BD22-0F14-47FE-83D9-0A79E51C9352}.Release|x86.ActiveCfg = Release|x86
		{D6F9BD22-0F14-47FE-83D9-0A79E51C9352}.Release|x86.Build.0 = Release|x86
		{A73AC9A5-7D8D-47F7-9EAA-A1E60A2C5652}.Debug|Any CPU.ActiveCfg = Debug|Any CPU
		{A73AC9A5-7D8D-47F7-9EAA-A1E60A2C5652}.Debug|Any CPU.Build.0 = Debug|Any CPU
		{A73AC9A5-7D8D-47F7-9EAA-A1E60A2C5652}.Debug|x64.ActiveCfg = Debug|x64
		{A73AC9A5-7D8D-47F7-9EAA-A1E60A2C5652}.Debug|x64.Build.0 = Debug|x64
		{A73AC9A5-7D8D-47F7-9EAA-A1E60A2C5652}.Debug|x86.ActiveCfg = Debug|x86
		{A73AC9A5-7D8D-47F7-9EAA-A1E60A2C5652}.Debug|x86.Build.0 = Debug|x86
		{A73AC9A5-7D8D-47F7-9EAA-A1E60A2C5652}.Release|Any CPU.ActiveCfg = Release|Any CPU
		{A73AC9A5-7D8D-47F7-9EAA-A1E60A2C5652}.Release|Any CPU.Build.0 = Release|Any CPU
		{A73AC9A5-7D8D-47F7-9EAA-A1E60A2C5652}.Release|x64.ActiveCfg = Release|x64
		{A73AC9A5-7D8D-47F7-9EAA-A1E60A2C5652}.Release|x64.Build.0 = Release|x64
		{A73AC9A5-7D8D-47F7-9EAA-A1E60A2C5652}.Release|x86.ActiveCfg = Release|x86
		{A73AC9A5-7D8D-47F7-9EAA-A1E60A2C5652}.Release|x86.Build.0 = Release|x86
		{1AD1BD67-9E0D-4DAF-9FAD-C279ACCD810C}.Debug|Any CPU.ActiveCfg = Debug|Any CPU
		{1AD1BD67-9E0D-4DAF-9FAD-C279ACCD810C}.Debug|Any CPU.Build.0 = Debug|Any CPU
		{1AD1BD67-9E0D-4DAF-9FAD-C279ACCD810C}.Debug|x64.ActiveCfg = Debug|x64
		{1AD1BD67-9E0D-4DAF-9FAD-C279ACCD810C}.Debug|x64.Build.0 = Debug|x64
		{1AD1BD67-9E0D-4DAF-9FAD-C279ACCD810C}.Debug|x86.ActiveCfg = Debug|x86
		{1AD1BD67-9E0D-4DAF-9FAD-C279ACCD810C}.Debug|x86.Build.0 = Debug|x86
		{1AD1BD67-9E0D-4DAF-9FAD-C279ACCD810C}.Release|Any CPU.ActiveCfg = Release|Any CPU
		{1AD1BD67-9E0D-4DAF-9FAD-C279ACCD810C}.Release|Any CPU.Build.0 = Release|Any CPU
		{1AD1BD67-9E0D-4DAF-9FAD-C279ACCD810C}.Release|x64.ActiveCfg = Release|x64
		{1AD1BD67-9E0D-4DAF-9FAD-C279ACCD810C}.Release|x64.Build.0 = Release|x64
		{1AD1BD67-9E0D-4DAF-9FAD-C279ACCD810C}.Release|x86.ActiveCfg = Release|x86
		{1AD1BD67-9E0D-4DAF-9FAD-C279ACCD810C}.Release|x86.Build.0 = Release|x86
		{D6C80F82-4B96-467E-AF84-1DE81B461112}.Debug|Any CPU.ActiveCfg = Debug|Any CPU
		{D6C80F82-4B96-467E-AF84-1DE81B461112}.Debug|Any CPU.Build.0 = Debug|Any CPU
		{D6C80F82-4B96-467E-AF84-1DE81B461112}.Debug|x64.ActiveCfg = Debug|x64
		{D6C80F82-4B96-467E-AF84-1DE81B461112}.Debug|x64.Build.0 = Debug|x64
		{D6C80F82-4B96-467E-AF84-1DE81B461112}.Debug|x86.ActiveCfg = Debug|x86
		{D6C80F82-4B96-467E-AF84-1DE81B461112}.Debug|x86.Build.0 = Debug|x86
		{D6C80F82-4B96-467E-AF84-1DE81B461112}.Release|Any CPU.ActiveCfg = Release|Any CPU
		{D6C80F82-4B96-467E-AF84-1DE81B461112}.Release|Any CPU.Build.0 = Release|Any CPU
		{D6C80F82-4B96-467E-AF84-1DE81B461112}.Release|x64.ActiveCfg = Release|x64
		{D6C80F82-4B96-467E-AF84-1DE81B461112}.Release|x64.Build.0 = Release|x64
		{D6C80F82-4B96-467E-AF84-1DE81B461112}.Release|x86.ActiveCfg = Release|x86
		{D6C80F82-4B96-467E-AF84-1DE81B461112}.Release|x86.Build.0 = Release|x86
		{5BAF30EB-FBE0-4C53-93E3-5E7818632984}.Debug|Any CPU.ActiveCfg = Debug|Any CPU
		{5BAF30EB-FBE0-4C53-93E3-5E7818632984}.Debug|Any CPU.Build.0 = Debug|Any CPU
		{5BAF30EB-FBE0-4C53-93E3-5E7818632984}.Debug|x64.ActiveCfg = Debug|x64
		{5BAF30EB-FBE0-4C53-93E3-5E7818632984}.Debug|x64.Build.0 = Debug|x64
		{5BAF30EB-FBE0-4C53-93E3-5E7818632984}.Debug|x86.ActiveCfg = Debug|x86
		{5BAF30EB-FBE0-4C53-93E3-5E7818632984}.Debug|x86.Build.0 = Debug|x86
		{5BAF30EB-FBE0-4C53-93E3-5E7818632984}.Release|Any CPU.ActiveCfg = Release|Any CPU
		{5BAF30EB-FBE0-4C53-93E3-5E7818632984}.Release|Any CPU.Build.0 = Release|Any CPU
		{5BAF30EB-FBE0-4C53-93E3-5E7818632984}.Release|x64.ActiveCfg = Release|x64
		{5BAF30EB-FBE0-4C53-93E3-5E7818632984}.Release|x64.Build.0 = Release|x64
		{5BAF30EB-FBE0-4C53-93E3-5E7818632984}.Release|x86.ActiveCfg = Release|x86
		{5BAF30EB-FBE0-4C53-93E3-5E7818632984}.Release|x86.Build.0 = Release|x86
	EndGlobalSection
	GlobalSection(SolutionProperties) = preSolution
		HideSolutionNode = FALSE
	EndGlobalSection
	GlobalSection(NestedProjects) = preSolution
		{60F23AC0-1D46-4D5C-808E-A4B2F4FE7784} = {05CEC270-38F8-4C86-993D-5EE6D85D65DC}
		{BB51AD83-632A-444A-856F-CB133351F475} = {05CEC270-38F8-4C86-993D-5EE6D85D65DC}
		{16807C69-9BC6-4755-9D1B-7520EF51C504} = {05CEC270-38F8-4C86-993D-5EE6D85D65DC}
		{6CD79855-8965-4E7C-9FDD-D3D8B3910FD1} = {05CEC270-38F8-4C86-993D-5EE6D85D65DC}
		{91723890-B45E-410F-8E6E-A3CB85631228} = {05CEC270-38F8-4C86-993D-5EE6D85D65DC}
		{9DDE74BD-DCE3-4EC6-AFBA-A48A4969F438} = {CB7A967A-D5D0-4F7F-AFA2-AE5089D4DCDD}
		{777E717E-5542-4EA8-A420-EA46DE59CCF7} = {CB7A967A-D5D0-4F7F-AFA2-AE5089D4DCDD}
		{91C249D2-503A-43A6-82E3-EBF031980BC5} = {CB7A967A-D5D0-4F7F-AFA2-AE5089D4DCDD}
		{1CE709A5-C349-4671-8876-AD55A45877D6} = {CB7A967A-D5D0-4F7F-AFA2-AE5089D4DCDD}
		{4D50E8F6-595F-40CC-BCB3-4D8BB6070928} = {CB7A967A-D5D0-4F7F-AFA2-AE5089D4DCDD}
		{D512CAAA-944D-4A90-9D7C-DEAE26896472} = {CB7A967A-D5D0-4F7F-AFA2-AE5089D4DCDD}
		{E7547979-19C1-4083-871B-1FD1C3C87377} = {2FF03F0C-379C-45EC-8DD3-E1D8BDBD29ED}
		{FBB7B8DE-3FC2-4A58-B767-FF24C440605F} = {2FF03F0C-379C-45EC-8DD3-E1D8BDBD29ED}
		{B595FA81-15F7-46A1-B946-E1C831C41671} = {2FF03F0C-379C-45EC-8DD3-E1D8BDBD29ED}
		{D6F9BD22-0F14-47FE-83D9-0A79E51C9352} = {A1960269-4160-4AA3-A57C-B878882BEC51}
		{A73AC9A5-7D8D-47F7-9EAA-A1E60A2C5652} = {A1960269-4160-4AA3-A57C-B878882BEC51}
		{1AD1BD67-9E0D-4DAF-9FAD-C279ACCD810C} = {A1960269-4160-4AA3-A57C-B878882BEC51}
		{D6C80F82-4B96-467E-AF84-1DE81B461112} = {A1960269-4160-4AA3-A57C-B878882BEC51}
		{5BAF30EB-FBE0-4C53-93E3-5E7818632984} = {A1960269-4160-4AA3-A57C-B878882BEC51}
	EndGlobalSection
EndGlobal
